
Microsoft Visual Studio Solution File, Format Version 12.00
# Visual Studio 14
VisualStudioVersion = 14.0.25420.1
MinimumVisualStudioVersion = 10.0.40219.1
Project("{8BC9CEB8-8B4A-11D0-8D11-00A0C91BC942}") = "uTaskerBM", "uTaskerBoot.vcxproj", "{0E9D41E1-33BA-4CF4-B6DA-F17ECE8CDCEB}"
EndProject
Global
	GlobalSection(SolutionConfigurationPlatforms) = preSolution
		uTaskerBoot_iMT_RT plus GCC build|Win32 = uTaskerBoot_iMT_RT plus GCC build|Win32
		uTaskerBoot_iMX_RT|Win32 = uTaskerBoot_iMX_RT|Win32
		uTaskerBoot_Kinetis plus GCC build|Win32 = uTaskerBoot_Kinetis plus GCC build|Win32
		uTaskerBoot_Kinetis|Win32 = uTaskerBoot_Kinetis|Win32
		uTaskerBoot_Luminary plus GCC build|Win32 = uTaskerBoot_Luminary plus GCC build|Win32
		uTaskerBoot_Luminary|Win32 = uTaskerBoot_Luminary|Win32
		uTaskerBoot_STM32 plus GCC build|Win32 = uTaskerBoot_STM32 plus GCC build|Win32
		uTaskerBoot_STM32|Win32 = uTaskerBoot_STM32|Win32
	EndGlobalSection
	GlobalSection(ProjectConfigurationPlatforms) = postSolution
		{0E9D41E1-33BA-4CF4-B6DA-F17ECE8CDCEB}.uTaskerBoot_iMT_RT plus GCC build|Win32.ActiveCfg = uTaskerBoot_iMT_RT plus GCC build|Win32
		{0E9D41E1-33BA-4CF4-B6DA-F17ECE8CDCEB}.uTaskerBoot_iMT_RT plus GCC build|Win32.Build.0 = uTaskerBoot_iMT_RT plus GCC build|Win32
		{0E9D41E1-33BA-4CF4-B6DA-F17ECE8CDCEB}.uTaskerBoot_iMX_RT|Win32.ActiveCfg = uTaskerBoot_iMX_RT|Win32
		{0E9D41E1-33BA-4CF4-B6DA-F17ECE8CDCEB}.uTaskerBoot_iMX_RT|Win32.Build.0 = uTaskerBoot_iMX_RT|Win32
		{0E9D41E1-33BA-4CF4-B6DA-F17ECE8CDCEB}.uTaskerBoot_Kinetis plus GCC build|Win32.ActiveCfg = uTaskerBoot_Kinetis plus GCC build|Win32
		{0E9D41E1-33BA-4CF4-B6DA-F17ECE8CDCEB}.uTaskerBoot_Kinetis plus GCC build|Win32.Build.0 = uTaskerBoot_Kinetis plus GCC build|Win32
		{0E9D41E1-33BA-4CF4-B6DA-F17ECE8CDCEB}.uTaskerBoot_Kinetis|Win32.ActiveCfg = uTaskerBoot_Kinetis|Win32
		{0E9D41E1-33BA-4CF4-B6DA-F17ECE8CDCEB}.uTaskerBoot_Kinetis|Win32.Build.0 = uTaskerBoot_Kinetis|Win32
		{0E9D41E1-33BA-4CF4-B6DA-F17ECE8CDCEB}.uTaskerBoot_Luminary plus GCC build|Win32.ActiveCfg = uTaskerBoot_Luminary plus GCC build|Win32
		{0E9D41E1-33BA-4CF4-B6DA-F17ECE8CDCEB}.uTaskerBoot_Luminary plus GCC build|Win32.Build.0 = uTaskerBoot_Luminary plus GCC build|Win32
		{0E9D41E1-33BA-4CF4-B6DA-F17ECE8CDCEB}.uTaskerBoot_Luminary|Win32.ActiveCfg = uTaskerBoot_Luminary|Win32
		{0E9D41E1-33BA-4CF4-B6DA-F17ECE8CDCEB}.uTaskerBoot_Luminary|Win32.Build.0 = uTaskerBoot_Luminary|Win32
		{0E9D41E1-33BA-4CF4-B6DA-F17ECE8CDCEB}.uTaskerBoot_STM32 plus GCC build|Win32.ActiveCfg = uTaskerBoot_STM32 plus GCC build|Win32
		{0E9D41E1-33BA-4CF4-B6DA-F17ECE8CDCEB}.uTaskerBoot_STM32 plus GCC build|Win32.Build.0 = uTaskerBoot_STM32 plus GCC build|Win32
		{0E9D41E1-33BA-4CF4-B6DA-F17ECE8CDCEB}.uTaskerBoot_STM32|Win32.ActiveCfg = uTaskerBoot_STM32|Win32
		{0E9D41E1-33BA-4CF4-B6DA-F17ECE8CDCEB}.uTaskerBoot_STM32|Win32.Build.0 = uTaskerBoot_STM32|Win32
	EndGlobalSection
	GlobalSection(SolutionProperties) = preSolution
		HideSolutionNode = FALSE
	EndGlobalSection
EndGlobal
