<?xml version="1.0" encoding="utf-8"?>
<Project ToolsVersion="4.0" xmlns="http://schemas.microsoft.com/developer/msbuild/2003">
  <ItemGroup>
    <Filter Include="Source Files">
      <UniqueIdentifier>{60118a63-8179-4bb1-a7a2-22808811feb1}</UniqueIdentifier>
      <Extensions>cpp;c;cxx;rc;def;r;odl;idl;hpj;bat</Extensions>
    </Filter>
    <Filter Include="uTasker">
      <UniqueIdentifier>{e8a54d7b-111a-443f-8153-1bd3c3c4ab14}</UniqueIdentifier>
    </Filter>
    <Filter Include="uTasker\MODBUS">
      <UniqueIdentifier>{6fc83b95-75a5-450f-a756-c20c419995d9}</UniqueIdentifier>
    </Filter>
    <Filter Include="uTasker\uGLCDLIB">
      <UniqueIdentifier>{7dacf7fd-4ae9-425c-8b1a-eb9a65893b09}</UniqueIdentifier>
    </Filter>
    <Filter Include="uTasker\utFAT">
      <UniqueIdentifier>{94222f42-f598-4ea2-ae83-848e469de872}</UniqueIdentifier>
    </Filter>
    <Filter Include="Hardware">
      <UniqueIdentifier>{f06902ea-ba4b-4953-8595-1597b66e0da9}</UniqueIdentifier>
    </Filter>
    <Filter Include="WinSim">
      <UniqueIdentifier>{c7e80ac7-2792-4dcb-b005-d5320437cf8c}</UniqueIdentifier>
    </Filter>
    <Filter Include="Hardware\Kinetis">
      <UniqueIdentifier>{d14f3859-65c4-43f3-945f-ee1de218884a}</UniqueIdentifier>
    </Filter>
    <Filter Include="TCP/IP">
      <UniqueIdentifier>{ab5acb6e-4bb5-4b4c-ac5d-49a33cf47c84}</UniqueIdentifier>
    </Filter>
    <Filter Include="Hardware\Kinetis\Crypto">
      <UniqueIdentifier>{6a282eab-ef7a-4345-a6bd-d07924c86da0}</UniqueIdentifier>
    </Filter>
    <Filter Include="TCP/IP\mbedtls">
      <UniqueIdentifier>{5e2e57d6-05ad-417c-9710-0b90c686fba0}</UniqueIdentifier>
    </Filter>
    <Filter Include="WinSim\Resource Files">
      <UniqueIdentifier>{0e548044-0a8b-43a6-8623-c4a89e23df2a}</UniqueIdentifier>
    </Filter>
    <Filter Include="TCP/IP\wolfSSL">
      <UniqueIdentifier>{c29fc182-06e4-4eee-be7d-bd464953f3b1}</UniqueIdentifier>
    </Filter>
    <Filter Include="TCP/IP\OpenSSL">
      <UniqueIdentifier>{2e7c4f70-af0c-4e3d-b1d8-0535fa3674af}</UniqueIdentifier>
    </Filter>
    <Filter Include="TCP/IP\PPP">
      <UniqueIdentifier>{ce5bdfad-5223-4050-b57e-62db7a870bba}</UniqueIdentifier>
    </Filter>
    <Filter Include="FreeRTOS">
      <UniqueIdentifier>{f8c09f92-81a5-4362-bf32-419e0d842a35}</UniqueIdentifier>
    </Filter>
    <Filter Include="FreeRTOS\portable">
      <UniqueIdentifier>{f9c79aa4-bf51-431e-a092-839e0b5f0663}</UniqueIdentifier>
    </Filter>
    <Filter Include="FreeRTOS\include">
      <UniqueIdentifier>{a094671f-7e9c-4069-80f2-8f4ee4e5f64b}</UniqueIdentifier>
    </Filter>
    <Filter Include="Header Files">
      <UniqueIdentifier>{865310c7-9fb4-4963-99a9-edfe2256535b}</UniqueIdentifier>
      <Extensions>h;hpp;hxx;hm;inl</Extensions>
    </Filter>
    <Filter Include="TCP/IP\MQTTS">
      <UniqueIdentifier>{ced666b3-7ade-4966-ba7d-85be5cab6d29}</UniqueIdentifier>
    </Filter>
    <Filter Include="TCP/IP\MQTTS\include">
      <UniqueIdentifier>{f56219c5-9ce2-42a3-aafe-788082b65b34}</UniqueIdentifier>
    </Filter>
    <Filter Include="Hardware\STM32">
      <UniqueIdentifier>{cdb282b0-0b68-42f8-8612-a9d7cc0b91bb}</UniqueIdentifier>
    </Filter>
    <Filter Include="WinSim\SIMstm32">
      <UniqueIdentifier>{c60e26b6-9db7-4261-8ace-e2f2597c0ac0}</UniqueIdentifier>
    </Filter>
    <Filter Include="Hardware\Luminary">
      <UniqueIdentifier>{33218b4d-59e2-4c35-a926-00dc284040ff}</UniqueIdentifier>
    </Filter>
    <Filter Include="Hardware\LPC2XXX">
      <UniqueIdentifier>{2a92aab8-6cba-4768-9af2-b19e2b3bea26}</UniqueIdentifier>
    </Filter>
    <Filter Include="Hardware\LPC17XX">
      <UniqueIdentifier>{e2693bb2-e87d-471c-b37d-0e12b9ec0753}</UniqueIdentifier>
    </Filter>
    <Filter Include="Hardware\AVR32">
      <UniqueIdentifier>{e21507c9-c60c-4da3-8df7-0a724dcfdb2e}</UniqueIdentifier>
    </Filter>
    <Filter Include="Hardware\SAM7">
      <UniqueIdentifier>{cb0b4524-0ec6-4e28-b480-97c8219fbba4}</UniqueIdentifier>
    </Filter>
    <Filter Include="WinSim\SIMluminary">
      <UniqueIdentifier>{93c2770d-0c7f-4f4e-bff7-d2993e9e70fe}</UniqueIdentifier>
    </Filter>
    <Filter Include="Hardware\NE64">
      <UniqueIdentifier>{9c9b7be1-f6c6-49e0-a876-5c6e3de4d262}</UniqueIdentifier>
    </Filter>
    <Filter Include="WinSim\SIMcoldfire">
      <UniqueIdentifier>{6cd5e5a3-42c8-4dff-8b20-04f6a6d158d0}</UniqueIdentifier>
    </Filter>
    <Filter Include="WinSim\SIMAVR32">
      <UniqueIdentifier>{89c5d190-ed51-4ecf-86a9-d99b5782da2b}</UniqueIdentifier>
    </Filter>
    <Filter Include="uTasker\uCANopen">
      <UniqueIdentifier>{555c5ba6-cb34-40fb-8532-fdc0da65992d}</UniqueIdentifier>
    </Filter>
    <Filter Include="Hardware\SPI_Memory">
      <UniqueIdentifier>{5ca32d1d-912b-4e12-b7f8-71b3812e252e}</UniqueIdentifier>
    </Filter>
    <Filter Include="WinSim\SIMKinetis">
      <UniqueIdentifier>{b656e3d0-d378-472e-9a0f-b11a778266a4}</UniqueIdentifier>
    </Filter>
    <Filter Include="Hardware\STR91XF">
      <UniqueIdentifier>{7eab2062-9567-41d7-a978-083fb29d53df}</UniqueIdentifier>
    </Filter>
    <Filter Include="Hardware\iMX_RT">
      <UniqueIdentifier>{77f6c67c-bc28-4264-9744-f33e6e90ca52}</UniqueIdentifier>
    </Filter>
    <Filter Include="WinSim\SIMiMX_RT">
      <UniqueIdentifier>{04f5b6f8-e8aa-4f97-86be-87fe03722bdb}</UniqueIdentifier>
    </Filter>
    <Filter Include="Hardware\Coldfire">
      <UniqueIdentifier>{9ba0eade-8d4c-4267-8d28-85cfce82aeab}</UniqueIdentifier>
    </Filter>
    <Filter Include="WinSim\SIMlpc2xxx">
      <UniqueIdentifier>{4afd99e9-d248-4578-a16b-8aca7cda879a}</UniqueIdentifier>
    </Filter>
    <Filter Include="TCP/IP\WiFi">
      <UniqueIdentifier>{b2c8f4ee-b285-467c-882e-3e876e7efe47}</UniqueIdentifier>
    </Filter>
    <Filter Include="TCP/IP\WiFi\ATWINC15">
      <UniqueIdentifier>{c7222def-5cb2-4a8e-ace9-5aca130afe38}</UniqueIdentifier>
    </Filter>
    <Filter Include="Hardware\CMSIS_DSP">
      <UniqueIdentifier>{71bd96e7-a06a-40a7-a47a-fe3c17ab5252}</UniqueIdentifier>
    </Filter>
  </ItemGroup>
  <ItemGroup>
    <ClCompile Include="..\application.c">
      <Filter>Source Files</Filter>
    </ClCompile>
    <ClCompile Include="..\debug.c">
      <Filter>Source Files</Filter>
    </ClCompile>
    <ClCompile Include="..\KeyScan.c">
      <Filter>Source Files</Filter>
    </ClCompile>
    <ClCompile Include="..\modbus_app.c">
      <Filter>Source Files</Filter>
    </ClCompile>
    <ClCompile Include="..\NetworkIndicator.c">
      <Filter>Source Files</Filter>
    </ClCompile>
    <ClCompile Include="..\usb_application.c">
      <Filter>Source Files</Filter>
    </ClCompile>
    <ClCompile Include="..\..\..\uTasker\can_drv.c">
      <Filter>uTasker</Filter>
    </ClCompile>
    <ClCompile Include="..\..\..\uTasker\Driver.c">
      <Filter>uTasker</Filter>
    </ClCompile>
    <ClCompile Include="..\..\..\uTasker\eth_drv.c">
      <Filter>uTasker</Filter>
    </ClCompile>
    <ClCompile Include="..\..\..\uTasker\GlobalTimer.c">
      <Filter>uTasker</Filter>
    </ClCompile>
    <ClCompile Include="..\..\..\uTasker\low_power.c">
      <Filter>uTasker</Filter>
    </ClCompile>
    <ClCompile Include="..\..\..\uTasker\SSC_drv.c">
      <Filter>uTasker</Filter>
    </ClCompile>
    <ClCompile Include="..\..\..\uTasker\Tty_drv.c">
      <Filter>uTasker</Filter>
    </ClCompile>
    <ClCompile Include="..\..\..\uTasker\uFile.c">
      <Filter>uTasker</Filter>
    </ClCompile>
    <ClCompile Include="..\..\..\uTasker\uMalloc.c">
      <Filter>uTasker</Filter>
    </ClCompile>
    <ClCompile Include="..\..\..\uTasker\uNetwork.c">
      <Filter>uTasker</Filter>
    </ClCompile>
    <ClCompile Include="..\..\..\uTasker\USB_drv.c">
      <Filter>uTasker</Filter>
    </ClCompile>
    <ClCompile Include="..\..\..\uTasker\uTasker.c">
      <Filter>uTasker</Filter>
    </ClCompile>
    <ClCompile Include="..\..\..\uTasker\Watchdog.c">
      <Filter>uTasker</Filter>
    </ClCompile>
    <ClCompile Include="..\..\..\uTasker\MODBUS\MODBUS.c">
      <Filter>uTasker\MODBUS</Filter>
    </ClCompile>
    <ClCompile Include="..\..\..\uTasker\uGLCDLIB\GLCD.c">
      <Filter>uTasker\uGLCDLIB</Filter>
    </ClCompile>
    <ClCompile Include="..\..\..\uTasker\uGLCDLIB\LCD.c">
      <Filter>uTasker\uGLCDLIB</Filter>
    </ClCompile>
    <ClCompile Include="..\..\..\uTasker\utFAT\mass_storage.c">
      <Filter>uTasker\utFAT</Filter>
    </ClCompile>
    <ClCompile Include="..\..\..\stack\arp.c">
      <Filter>TCP/IP</Filter>
    </ClCompile>
    <ClCompile Include="..\..\..\stack\dhcp.c">
      <Filter>TCP/IP</Filter>
    </ClCompile>
    <ClCompile Include="..\..\..\stack\dns.c">
      <Filter>TCP/IP</Filter>
    </ClCompile>
    <ClCompile Include="..\..\..\stack\Ethernet.c">
      <Filter>TCP/IP</Filter>
    </ClCompile>
    <ClCompile Include="..\..\..\stack\ftp.c">
      <Filter>TCP/IP</Filter>
    </ClCompile>
    <ClCompile Include="..\..\..\stack\http.c">
      <Filter>TCP/IP</Filter>
    </ClCompile>
    <ClCompile Include="..\..\..\stack\icmp.c">
      <Filter>TCP/IP</Filter>
    </ClCompile>
    <ClCompile Include="..\..\..\stack\ip.c">
      <Filter>TCP/IP</Filter>
    </ClCompile>
    <ClCompile Include="..\..\..\stack\ip_utils.c">
      <Filter>TCP/IP</Filter>
    </ClCompile>
    <ClCompile Include="..\..\..\stack\NetBIOS.c">
      <Filter>TCP/IP</Filter>
    </ClCompile>
    <ClCompile Include="..\..\..\stack\pop3.c">
      <Filter>TCP/IP</Filter>
    </ClCompile>
    <ClCompile Include="..\..\..\stack\ppp.c">
      <Filter>TCP/IP</Filter>
    </ClCompile>
    <ClCompile Include="..\..\..\stack\smtp.c">
      <Filter>TCP/IP</Filter>
    </ClCompile>
    <ClCompile Include="..\..\..\stack\snmp.c">
      <Filter>TCP/IP</Filter>
    </ClCompile>
    <ClCompile Include="..\..\..\stack\tcp.c">
      <Filter>TCP/IP</Filter>
    </ClCompile>
    <ClCompile Include="..\..\..\stack\telnet.c">
      <Filter>TCP/IP</Filter>
    </ClCompile>
    <ClCompile Include="..\..\..\stack\tftp.c">
      <Filter>TCP/IP</Filter>
    </ClCompile>
    <ClCompile Include="..\..\..\stack\udp.c">
      <Filter>TCP/IP</Filter>
    </ClCompile>
    <ClCompile Include="..\..\..\stack\webutils.c">
      <Filter>TCP/IP</Filter>
    </ClCompile>
    <ClCompile Include="..\..\..\WinSim\Ethereal.cpp">
      <Filter>WinSim</Filter>
    </ClCompile>
    <ClCompile Include="..\..\..\WinSim\FileToDisk.c">
      <Filter>WinSim</Filter>
    </ClCompile>
    <ClCompile Include="..\..\..\WinSim\LCD\KeyPadSim.cpp">
      <Filter>WinSim</Filter>
    </ClCompile>
    <ClCompile Include="..\..\..\WinSim\LCD\LCDSim.cpp">
      <Filter>WinSim</Filter>
    </ClCompile>
    <ClCompile Include="..\..\..\WinSim\PortSim.cpp">
      <Filter>WinSim</Filter>
    </ClCompile>
    <ClCompile Include="..\..\..\WinSim\SDcard_sim.c">
      <Filter>WinSim</Filter>
    </ClCompile>
    <ClCompile Include="..\..\..\WinSim\WinPcap.cpp">
      <Filter>WinSim</Filter>
    </ClCompile>
    <ClCompile Include="..\..\..\WinSim\WinSim.c">
      <Filter>WinSim</Filter>
    </ClCompile>
    <ClCompile Include="..\..\..\WinSim\WinSimMain.cpp">
      <Filter>WinSim</Filter>
    </ClCompile>
    <ClCompile Include="..\..\..\Hardware\Kinetis\kinetis.c">
      <Filter>Hardware\Kinetis</Filter>
    </ClCompile>
    <ClCompile Include="..\..\..\Hardware\Kinetis\kinetis_ports.cpp">
      <Filter>WinSim\SIMKinetis</Filter>
    </ClCompile>
    <ClCompile Include="..\..\..\stack\zero_config.c">
      <Filter>TCP/IP</Filter>
    </ClCompile>
    <ClCompile Include="..\..\..\stack\ftp_client.c">
      <Filter>TCP/IP</Filter>
    </ClCompile>
    <ClCompile Include="..\..\..\WinSim\Komodo\komodo.c">
      <Filter>WinSim</Filter>
    </ClCompile>
    <ClCompile Include="..\snmp_mib_handlers.c">
      <Filter>Source Files</Filter>
    </ClCompile>
    <ClCompile Include="..\..\..\stack\igmp.c">
      <Filter>TCP/IP</Filter>
    </ClCompile>
    <ClCompile Include="..\..\..\uTasker\time_keeper.c">
      <Filter>uTasker</Filter>
    </ClCompile>
    <ClCompile Include="..\webInterface.c">
      <Filter>Source Files</Filter>
    </ClCompile>
    <ClCompile Include="..\FreeMaster.c">
      <Filter>Source Files</Filter>
    </ClCompile>
    <ClCompile Include="..\nRF24201.c">
      <Filter>Source Files</Filter>
    </ClCompile>
    <ClCompile Include="..\..\..\Hardware\Kinetis\kinetisSim.c">
      <Filter>WinSim\SIMKinetis</Filter>
    </ClCompile>
    <ClCompile Include="..\..\..\uTasker\i2c_drv.c">
      <Filter>uTasker</Filter>
    </ClCompile>
    <ClCompile Include="..\..\..\uTasker\crypto.c">
      <Filter>uTasker</Filter>
    </ClCompile>
    <ClCompile Include="..\..\..\uTasker\DSP.c">
      <Filter>uTasker</Filter>
    </ClCompile>
    <ClCompile Include="..\..\..\stack\SSL\wolfssl-3.9.6\w_aes.c">
      <Filter>TCP/IP\wolfSSL</Filter>
    </ClCompile>
    <ClCompile Include="..\..\..\stack\SSL\openssl-1.0.2\aes_cbc.c">
      <Filter>TCP/IP\OpenSSL</Filter>
    </ClCompile>
    <ClCompile Include="..\..\..\stack\SSL\openssl-1.0.2\cbc128.c">
      <Filter>TCP/IP\OpenSSL</Filter>
    </ClCompile>
    <ClCompile Include="..\..\..\stack\SSL\openssl-1.0.2\aes_core.c">
      <Filter>TCP/IP\OpenSSL</Filter>
    </ClCompile>
    <ClCompile Include="..\..\..\uTasker\uGLCDLIB\FT_CoPro_Cmds.c">
      <Filter>uTasker\uGLCDLIB</Filter>
    </ClCompile>
    <ClCompile Include="..\..\..\stack\PPP\auth.c">
      <Filter>TCP/IP\PPP</Filter>
    </ClCompile>
    <ClCompile Include="..\..\..\stack\PPP\chap.c">
      <Filter>TCP/IP\PPP</Filter>
    </ClCompile>
    <ClCompile Include="..\..\..\stack\PPP\chpms.c">
      <Filter>TCP/IP\PPP</Filter>
    </ClCompile>
    <ClCompile Include="..\..\..\stack\PPP\fsm.c">
      <Filter>TCP/IP\PPP</Filter>
    </ClCompile>
    <ClCompile Include="..\..\..\stack\PPP\ipcp.c">
      <Filter>TCP/IP\PPP</Filter>
    </ClCompile>
    <ClCompile Include="..\..\..\stack\PPP\lcp.c">
      <Filter>TCP/IP\PPP</Filter>
    </ClCompile>
    <ClCompile Include="..\..\..\stack\PPP\lwppp.c">
      <Filter>TCP/IP\PPP</Filter>
    </ClCompile>
    <ClCompile Include="..\..\..\stack\PPP\magic.c">
      <Filter>TCP/IP\PPP</Filter>
    </ClCompile>
    <ClCompile Include="..\..\..\stack\PPP\md5.c">
      <Filter>TCP/IP\PPP</Filter>
    </ClCompile>
    <ClCompile Include="..\..\..\stack\PPP\pap.c">
      <Filter>TCP/IP\PPP</Filter>
    </ClCompile>
    <ClCompile Include="..\..\..\stack\PPP\ppp_oe.c">
      <Filter>TCP/IP\PPP</Filter>
    </ClCompile>
    <ClCompile Include="..\..\..\stack\PPP\randm.c">
      <Filter>TCP/IP\PPP</Filter>
    </ClCompile>
    <ClCompile Include="..\..\..\stack\PPP\vj.c">
      <Filter>TCP/IP\PPP</Filter>
    </ClCompile>
    <ClCompile Include="..\..\..\FreeRTOS\Source\tasks.c">
      <Filter>FreeRTOS</Filter>
    </ClCompile>
    <ClCompile Include="..\..\..\FreeRTOS\Source\list.c">
      <Filter>FreeRTOS</Filter>
    </ClCompile>
    <ClCompile Include="..\..\..\FreeRTOS\Source\timers.c">
      <Filter>FreeRTOS</Filter>
    </ClCompile>
    <ClCompile Include="..\..\..\FreeRTOS\Source\queue.c">
      <Filter>FreeRTOS</Filter>
    </ClCompile>
    <ClCompile Include="..\..\..\FreeRTOS\Source\event_groups.c">
      <Filter>FreeRTOS</Filter>
    </ClCompile>
    <ClCompile Include="..\..\..\FreeRTOS\Source\croutine.c">
      <Filter>FreeRTOS</Filter>
    </ClCompile>
    <ClCompile Include="..\FreeRTOSapplication.c">
      <Filter>Source Files</Filter>
    </ClCompile>
    <ClCompile Include="..\..\..\FreeRTOS\Source\portable\GCC\ARM_CM4F\port.c">
      <Filter>FreeRTOS\portable</Filter>
    </ClCompile>
    <ClCompile Include="..\..\..\stack\mqtt.c">
      <Filter>TCP/IP</Filter>
    </ClCompile>
    <ClCompile Include="..\..\..\stack\SSL\mbedtls-2.6\ecp.c">
      <Filter>TCP/IP\MQTTS</Filter>
    </ClCompile>
    <ClCompile Include="..\..\..\stack\SSL\mbedtls-2.6\bignum.c">
      <Filter>TCP/IP\MQTTS</Filter>
    </ClCompile>
    <ClCompile Include="..\..\..\stack\SSL\mbedtls-2.6\ecp_curves.c">
      <Filter>TCP/IP\MQTTS</Filter>
    </ClCompile>
    <ClCompile Include="..\..\..\stack\SSL\mbedtls-2.6\x509_crt.c">
      <Filter>TCP/IP\MQTTS</Filter>
    </ClCompile>
    <ClCompile Include="..\..\..\stack\SSL\mbedtls-2.6\asn1parse.c">
      <Filter>TCP/IP\MQTTS</Filter>
    </ClCompile>
    <ClCompile Include="..\..\..\stack\SSL\mbedtls-2.6\x509.c">
      <Filter>TCP/IP\MQTTS</Filter>
    </ClCompile>
    <ClCompile Include="..\..\..\stack\SSL\mbedtls-2.6\pem.c">
      <Filter>TCP/IP\MQTTS</Filter>
    </ClCompile>
    <ClCompile Include="..\..\..\stack\SSL\mbedtls-2.6\pk.c">
      <Filter>TCP/IP\MQTTS</Filter>
    </ClCompile>
    <ClCompile Include="..\..\..\stack\SSL\mbedtls-2.6\base64.c">
      <Filter>TCP/IP\MQTTS</Filter>
    </ClCompile>
    <ClCompile Include="..\..\..\stack\SSL\mbedtls-2.6\md.c">
      <Filter>TCP/IP\MQTTS</Filter>
    </ClCompile>
    <ClCompile Include="..\..\..\stack\SSL\mbedtls-2.6\oid.c">
      <Filter>TCP/IP\MQTTS</Filter>
    </ClCompile>
    <ClCompile Include="..\..\..\stack\SSL\mbedtls-2.6\pk_wrap.c">
      <Filter>TCP/IP\MQTTS</Filter>
    </ClCompile>
    <ClCompile Include="..\..\..\stack\SSL\mbedtls-2.6\md_wrap.c">
      <Filter>TCP/IP\MQTTS</Filter>
    </ClCompile>
    <ClCompile Include="..\..\..\stack\SSL\mbedtls-2.6\sha1.c">
      <Filter>TCP/IP\MQTTS</Filter>
    </ClCompile>
    <ClCompile Include="..\..\..\stack\SSL\mbedtls-2.6\sha256.c">
      <Filter>TCP/IP\MQTTS</Filter>
    </ClCompile>
    <ClCompile Include="..\..\..\stack\SSL\mbedtls-2.6\rsa.c">
      <Filter>TCP/IP\MQTTS</Filter>
    </ClCompile>
    <ClCompile Include="..\..\..\stack\SSL\mbedtls-2.6\ecdsa.c">
      <Filter>TCP/IP\MQTTS</Filter>
    </ClCompile>
    <ClCompile Include="..\..\..\stack\SSL\mbedtls-2.6\asn1write.c">
      <Filter>TCP/IP\MQTTS</Filter>
    </ClCompile>
    <ClCompile Include="..\..\..\stack\SSL\mbedtls-2.6\hmac_drbg.c">
      <Filter>TCP/IP\MQTTS</Filter>
    </ClCompile>
    <ClCompile Include="..\..\..\stack\SSL\mbedtls-2.6\pkparse.c">
      <Filter>TCP/IP\MQTTS</Filter>
    </ClCompile>
    <ClCompile Include="..\..\..\stack\SSL\mbedtls-2.6\ecdh.c">
      <Filter>TCP/IP\MQTTS</Filter>
    </ClCompile>
    <ClCompile Include="..\..\..\stack\SSL\mbedtls-2.6\ssl_cli.c">
      <Filter>TCP/IP\MQTTS</Filter>
    </ClCompile>
    <ClCompile Include="..\..\..\stack\SSL\mbedtls-2.6\ssl_ciphersuites.c">
      <Filter>TCP/IP\MQTTS</Filter>
    </ClCompile>
    <ClCompile Include="..\..\..\stack\SSL\mbedtls-2.6\ssl_tls.c">
      <Filter>TCP/IP\MQTTS</Filter>
    </ClCompile>
    <ClCompile Include="..\..\..\stack\SSL\mbedtls-2.6\cipher.c">
      <Filter>TCP/IP\MQTTS</Filter>
    </ClCompile>
    <ClCompile Include="..\..\..\stack\SSL\mbedtls-2.6\cipher_wrap.c">
      <Filter>TCP/IP\MQTTS</Filter>
    </ClCompile>
    <ClCompile Include="..\..\..\stack\SSL\mbedtls-2.6\gcm.c">
      <Filter>TCP/IP\MQTTS</Filter>
    </ClCompile>
    <ClCompile Include="..\..\..\stack\SSL\mbedtls-2.6\dhm.c">
      <Filter>TCP/IP\MQTTS</Filter>
    </ClCompile>
    <ClCompile Include="..\..\..\stack\SSL\mbedtls-2.6\aes.c">
      <Filter>TCP/IP\MQTTS</Filter>
    </ClCompile>
    <ClCompile Include="..\..\..\stack\SSL\mbedtls-1.3.10\aes_mbedTLS.c">
      <Filter>TCP/IP\mbedtls</Filter>
    </ClCompile>
    <ClCompile Include="..\..\..\stack\secure_layer.c">
      <Filter>TCP/IP</Filter>
    </ClCompile>
    <ClCompile Include="..\..\..\stack\SSL\mbedtls-2.6\mbedTLS_Interface.c">
      <Filter>TCP/IP\MQTTS</Filter>
    </ClCompile>
    <ClCompile Include="..\..\..\Hardware\STM32\STM32Sim.c">
      <Filter>WinSim\SIMstm32</Filter>
    </ClCompile>
    <ClCompile Include="..\..\..\Hardware\STM32\STM32_ports.cpp">
      <Filter>WinSim\SIMstm32</Filter>
    </ClCompile>
    <ClCompile Include="..\..\..\Hardware\CMSIS_DSP\arm_cfft_f32.c">
      <Filter>Hardware\CMSIS_DSP</Filter>
    </ClCompile>
    <ClCompile Include="..\..\..\Hardware\CMSIS_DSP\arm_cfft_radix8_f32.c">
      <Filter>Hardware\CMSIS_DSP</Filter>
    </ClCompile>
    <ClCompile Include="..\..\..\Hardware\CMSIS_DSP\arm_cmplx_mag_f32.c">
      <Filter>Hardware\CMSIS_DSP</Filter>
    </ClCompile>
    <ClCompile Include="..\..\..\Hardware\CMSIS_DSP\arm_common_tables.c">
      <Filter>Hardware\CMSIS_DSP</Filter>
    </ClCompile>
    <ClCompile Include="..\..\..\Hardware\CMSIS_DSP\arm_const_structs.c">
      <Filter>Hardware\CMSIS_DSP</Filter>
    </ClCompile>
    <ClCompile Include="..\..\..\Hardware\CMSIS_DSP\arm_max_f32.c">
      <Filter>Hardware\CMSIS_DSP</Filter>
    </ClCompile>
    <ClCompile Include="..\..\..\Hardware\CMSIS_DSP\arm_sin_cos_f32.c">
      <Filter>Hardware\CMSIS_DSP</Filter>
    </ClCompile>
    <ClCompile Include="..\..\..\Hardware\Luminary\LM3SXXXX.c">
      <Filter>Hardware\Luminary</Filter>
    </ClCompile>
    <ClCompile Include="..\..\..\Hardware\Luminary\LM3SXXXXSim.c">
      <Filter>WinSim\SIMluminary</Filter>
    </ClCompile>
    <ClCompile Include="..\..\..\Hardware\Luminary\LM3SXXXX_ports.cpp">
      <Filter>WinSim\SIMluminary</Filter>
    </ClCompile>
    <ClCompile Include="..\..\..\WinSim\serial_dev.c">
      <Filter>WinSim</Filter>
    </ClCompile>
    <ClCompile Include="..\..\..\Hardware\STM32\STM32.c">
      <Filter>Hardware\STM32</Filter>
    </ClCompile>
    <ClCompile Include="..\DMX512.c">
      <Filter>Source Files</Filter>
    </ClCompile>
    <ClCompile Include="..\..\..\Hardware\Coldfire\M5223X.c">
      <Filter>Hardware\Coldfire</Filter>
    </ClCompile>
    <ClCompile Include="..\..\..\Hardware\CMSIS_DSP\arm_abs_f32.c">
      <Filter>Hardware\CMSIS_DSP</Filter>
    </ClCompile>
    <ClCompile Include="..\..\..\Hardware\Coldfire\M5223X_ports.cpp">
      <Filter>WinSim\SIMcoldfire</Filter>
    </ClCompile>
    <ClCompile Include="..\..\..\Hardware\Coldfire\M5223XSim.c">
      <Filter>WinSim\SIMcoldfire</Filter>
    </ClCompile>
    <ClCompile Include="..\..\..\uTasker\SPI_drv.c">
      <Filter>uTasker</Filter>
    </ClCompile>
    <ClCompile Include="..\..\..\Hardware\CMSIS_DSP\arm_cfft_q15.c">
      <Filter>Hardware\CMSIS_DSP</Filter>
    </ClCompile>
    <ClCompile Include="..\..\..\Hardware\CMSIS_DSP\arm_cfft_radix4_q15.c">
      <Filter>Hardware\CMSIS_DSP</Filter>
    </ClCompile>
    <ClCompile Include="..\..\..\Hardware\CMSIS_DSP\arm_bitreversal.c">
      <Filter>Hardware\CMSIS_DSP</Filter>
    </ClCompile>
    <ClCompile Include="..\..\..\Hardware\AVR32\AVR32.c">
      <Filter>Hardware\AVR32</Filter>
    </ClCompile>
    <ClCompile Include="..\..\..\Hardware\AVR32\AVR32_ports.cpp">
      <Filter>WinSim\SIMAVR32</Filter>
    </ClCompile>
    <ClCompile Include="..\..\..\Hardware\AVR32\AVR32Sim.c">
      <Filter>WinSim\SIMAVR32</Filter>
    </ClCompile>
    <ClCompile Include="..\..\..\stack\SSL\mbedtls-1.3.10\sha256_mbedTLS.c">
      <Filter>TCP/IP\mbedtls</Filter>
    </ClCompile>
    <ClCompile Include="..\..\..\Hardware\iMX\iMXSim.c">
      <Filter>WinSim\SIMiMX_RT</Filter>
    </ClCompile>
    <ClCompile Include="..\..\..\Hardware\iMX\iMX.c">
      <Filter>Hardware\iMX_RT</Filter>
    </ClCompile>
    <ClCompile Include="..\..\..\Hardware\iMX\iMX_ports.cpp">
      <Filter>WinSim\SIMiMX_RT</Filter>
    </ClCompile>
    <ClCompile Include="..\..\..\Hardware\LPC17XX\LPC17XX.c">
      <Filter>Hardware\LPC17XX</Filter>
    </ClCompile>
    <ClCompile Include="..\..\..\Hardware\SAM7\SAM7X.c">
      <Filter>Hardware\SAM7</Filter>
    </ClCompile>
    <ClCompile Include="..\..\..\Hardware\NE64\NE64.c">
      <Filter>Hardware\NE64</Filter>
    </ClCompile>
    <ClCompile Include="..\..\..\uTasker\uCANopen\crc16-ccitt.c">
      <Filter>uTasker\uCANopen</Filter>
    </ClCompile>
    <ClCompile Include="..\uCANopenApp.c">
      <Filter>Source Files</Filter>
    </ClCompile>
    <ClCompile Include="..\..\..\uTasker\uCANopen\CANopen.c">
      <Filter>uTasker\uCANopen</Filter>
    </ClCompile>
    <ClCompile Include="..\..\..\uTasker\uCANopen\CO_driver.c">
      <Filter>uTasker\uCANopen</Filter>
    </ClCompile>
    <ClCompile Include="..\..\..\uTasker\uCANopen\CO_Emergency.c">
      <Filter>uTasker\uCANopen</Filter>
    </ClCompile>
    <ClCompile Include="..\..\..\uTasker\uCANopen\CO_HBconsumer.c">
      <Filter>uTasker\uCANopen</Filter>
    </ClCompile>
    <ClCompile Include="..\..\..\uTasker\uCANopen\CO_NMT_Heartbeat.c">
      <Filter>uTasker\uCANopen</Filter>
    </ClCompile>
    <ClCompile Include="..\..\..\uTasker\uCANopen\CO_PDO.c">
      <Filter>uTasker\uCANopen</Filter>
    </ClCompile>
    <ClCompile Include="..\..\..\uTasker\uCANopen\CO_SDO.c">
      <Filter>uTasker\uCANopen</Filter>
    </ClCompile>
    <ClCompile Include="..\..\..\uTasker\uCANopen\CO_SYNC.c">
      <Filter>uTasker\uCANopen</Filter>
    </ClCompile>
    <ClCompile Include="..\CO_OD.c">
      <Filter>Source Files</Filter>
    </ClCompile>
    <ClCompile Include="..\..\..\uTasker\uCANopen\CO_SDOmaster.c">
      <Filter>uTasker\uCANopen</Filter>
    </ClCompile>
    <ClCompile Include="..\..\..\Hardware\STR91XF\STR91XF.c">
      <Filter>Hardware\STR91XF</Filter>
    </ClCompile>
    <ClCompile Include="..\..\..\Hardware\LPC2XXX\LPC23XX.c">
      <Filter>Hardware\LPC2XXX</Filter>
    </ClCompile>
    <ClCompile Include="..\..\..\Hardware\LPC2XXX\LPC23XX_ports.cpp">
      <Filter>WinSim\SIMlpc2xxx</Filter>
    </ClCompile>
    <ClCompile Include="..\..\..\Hardware\LPC2XXX\LPC23XXSim.c">
      <Filter>WinSim\SIMlpc2xxx</Filter>
    </ClCompile>
    <ClCompile Include="..\..\..\stack\WiFi\ATWINC15x0\driver\source\nmdrv.c">
      <Filter>TCP/IP\WiFi\ATWINC15</Filter>
    </ClCompile>
    <ClCompile Include="..\..\..\stack\WiFi\ATWINC15x0\driver\source\m2m_wifi.c">
      <Filter>TCP/IP\WiFi\ATWINC15</Filter>
    </ClCompile>
    <ClCompile Include="..\..\..\stack\WiFi\ATWINC15x0\driver\source\m2m_periph.c">
      <Filter>TCP/IP\WiFi\ATWINC15</Filter>
    </ClCompile>
    <ClCompile Include="..\..\..\stack\WiFi\ATWINC15x0\driver\source\nmasic.c">
      <Filter>TCP/IP\WiFi\ATWINC15</Filter>
    </ClCompile>
    <ClCompile Include="..\..\..\stack\WiFi\ATWINC15x0\driver\source\m2m_hif.c">
      <Filter>TCP/IP\WiFi\ATWINC15</Filter>
    </ClCompile>
    <ClCompile Include="..\..\..\stack\WiFi\ATWINC15x0\common\source\nm_common.c">
      <Filter>TCP/IP\WiFi\ATWINC15</Filter>
    </ClCompile>
    <ClCompile Include="..\..\..\stack\WiFi\ATWINC15x0\driver\source\nmbus.c">
      <Filter>TCP/IP\WiFi\ATWINC15</Filter>
    </ClCompile>
    <ClCompile Include="..\..\..\stack\WiFi\ATWINC15x0\driver\source\nmspi.c">
      <Filter>TCP/IP\WiFi\ATWINC15</Filter>
    </ClCompile>
    <ClCompile Include="..\..\..\stack\WiFi\ATWINC15x0\spi_flash\source\spi_flash.c">
      <Filter>TCP/IP\WiFi\ATWINC15</Filter>
    </ClCompile>
  </ItemGroup>
  <ItemGroup>
    <ClInclude Include="..\ADC_Timers.h">
      <Filter>Header Files</Filter>
    </ClInclude>
    <ClInclude Include="..\app_user_files.h">
      <Filter>Header Files</Filter>
    </ClInclude>
    <ClInclude Include="..\application.h">
      <Filter>Header Files</Filter>
    </ClInclude>
    <ClInclude Include="..\application_lcd.h">
      <Filter>Header Files</Filter>
    </ClInclude>
    <ClInclude Include="..\can_tests.h">
      <Filter>Header Files</Filter>
    </ClInclude>
    <ClInclude Include="..\config.h">
      <Filter>Header Files</Filter>
    </ClInclude>
    <ClInclude Include="..\Port_Interrupts.h">
      <Filter>Header Files</Filter>
    </ClInclude>
    <ClInclude Include="..\TaskConfig.h">
      <Filter>Header Files</Filter>
    </ClInclude>
    <ClInclude Include="..\types.h">
      <Filter>Header Files</Filter>
    </ClInclude>
    <ClInclude Include="..\..\..\uTasker\uTasker.h">
      <Filter>Header Files</Filter>
    </ClInclude>
    <ClInclude Include="..\widgets.h">
      <Filter>Header Files</Filter>
    </ClInclude>
    <ClInclude Include="..\..\..\uTasker\MODBUS\modbus.h">
      <Filter>uTasker\MODBUS</Filter>
    </ClInclude>
    <ClInclude Include="..\..\..\uTasker\uGLCDLIB\glcd.h">
      <Filter>uTasker\uGLCDLIB</Filter>
    </ClInclude>
    <ClInclude Include="..\..\..\uTasker\uGLCDLIB\glcd_cglcd.h">
      <Filter>uTasker\uGLCDLIB</Filter>
    </ClInclude>
    <ClInclude Include="..\..\..\uTasker\uGLCDLIB\glcd_fonts.h">
      <Filter>uTasker\uGLCDLIB</Filter>
    </ClInclude>
    <ClInclude Include="..\..\..\uTasker\uGLCDLIB\glcd_nokia.h">
      <Filter>uTasker\uGLCDLIB</Filter>
    </ClInclude>
    <ClInclude Include="..\..\..\uTasker\uGLCDLIB\glcd_oled.h">
      <Filter>uTasker\uGLCDLIB</Filter>
    </ClInclude>
    <ClInclude Include="..\..\..\uTasker\uGLCDLIB\glcd_samsung.h">
      <Filter>uTasker\uGLCDLIB</Filter>
    </ClInclude>
    <ClInclude Include="..\..\..\uTasker\uGLCDLIB\glcd_tft.h">
      <Filter>uTasker\uGLCDLIB</Filter>
    </ClInclude>
    <ClInclude Include="..\..\..\uTasker\uGLCDLIB\glcd_toshiba.h">
      <Filter>uTasker\uGLCDLIB</Filter>
    </ClInclude>
    <ClInclude Include="..\..\..\uTasker\utFAT\mass_storage.h">
      <Filter>uTasker\utFAT</Filter>
    </ClInclude>
    <ClInclude Include="..\..\..\Hardware\hardware.h">
      <Filter>Hardware</Filter>
    </ClInclude>
    <ClInclude Include="..\..\..\WinSim\WinSim.h">
      <Filter>WinSim</Filter>
    </ClInclude>
    <ClInclude Include="..\..\..\Hardware\Kinetis\kinetis_port.h">
      <Filter>WinSim\SIMKinetis</Filter>
    </ClInclude>
    <ClInclude Include="..\..\..\Hardware\Kinetis\simkinetis.h">
      <Filter>WinSim\SIMKinetis</Filter>
    </ClInclude>
    <ClInclude Include="..\..\..\uTasker\utFAT\NAND_driver.h">
      <Filter>uTasker\utFAT</Filter>
    </ClInclude>
    <ClInclude Include="..\..\..\Hardware\Kinetis\kinetis_port_k10.h">
      <Filter>WinSim\SIMKinetis</Filter>
    </ClInclude>
    <ClInclude Include="..\..\..\Hardware\Kinetis\kinetis_port_k20.h">
      <Filter>WinSim\SIMKinetis</Filter>
    </ClInclude>
    <ClInclude Include="..\..\..\Hardware\Kinetis\kinetis_port_k30.h">
      <Filter>WinSim\SIMKinetis</Filter>
    </ClInclude>
    <ClInclude Include="..\..\..\Hardware\Kinetis\kinetis_port_k40.h">
      <Filter>WinSim\SIMKinetis</Filter>
    </ClInclude>
    <ClInclude Include="..\..\..\Hardware\Kinetis\kinetis_port_k50.h">
      <Filter>WinSim\SIMKinetis</Filter>
    </ClInclude>
    <ClInclude Include="..\..\..\Hardware\Kinetis\kinetis_port_k51.h">
      <Filter>WinSim\SIMKinetis</Filter>
    </ClInclude>
    <ClInclude Include="..\..\..\Hardware\Kinetis\kinetis_port_k52.h">
      <Filter>WinSim\SIMKinetis</Filter>
    </ClInclude>
    <ClInclude Include="..\..\..\Hardware\Kinetis\kinetis_port_k53.h">
      <Filter>WinSim\SIMKinetis</Filter>
    </ClInclude>
    <ClInclude Include="..\..\..\Hardware\Kinetis\kinetis_port_k70.h">
      <Filter>WinSim\SIMKinetis</Filter>
    </ClInclude>
    <ClInclude Include="..\..\..\Hardware\Kinetis\kinetis_port_k61.h">
      <Filter>WinSim\SIMKinetis</Filter>
    </ClInclude>
    <ClInclude Include="..\..\..\WinSim\Komodo\komodo.h">
      <Filter>WinSim</Filter>
    </ClInclude>
    <ClInclude Include="..\app_hw_kinetis.h">
      <Filter>Header Files</Filter>
    </ClInclude>
    <ClInclude Include="..\..\..\Hardware\Kinetis\kinetis_port_ke.h">
      <Filter>WinSim\SIMKinetis</Filter>
    </ClInclude>
    <ClInclude Include="..\..\..\Hardware\Kinetis\kinetis_port_kl.h">
      <Filter>WinSim\SIMKinetis</Filter>
    </ClInclude>
    <ClInclude Include="..\..\..\WinSim\LCD\lcd.h">
      <Filter>WinSim</Filter>
    </ClInclude>
    <ClInclude Include="..\..\..\utasker\uglcdlib\glcd_st7565s.h">
      <Filter>uTasker\uGLCDLIB</Filter>
    </ClInclude>
    <ClInclude Include="..\usb_cdc_descriptors.h">
      <Filter>Header Files</Filter>
    </ClInclude>
    <ClInclude Include="..\slcd_time.h">
      <Filter>Header Files</Filter>
    </ClInclude>
    <ClInclude Include="..\usb_msd_descriptors.h">
      <Filter>Header Files</Filter>
    </ClInclude>
    <ClInclude Include="..\usb_keyboard_descriptors.h">
      <Filter>Header Files</Filter>
    </ClInclude>
    <ClInclude Include="..\usb_mouse_descriptors.h">
      <Filter>Header Files</Filter>
    </ClInclude>
    <ClInclude Include="..\..\..\Hardware\Kinetis\spi_sc16IS7xx.h">
      <Filter>Hardware\Kinetis</Filter>
    </ClInclude>
    <ClInclude Include="..\..\..\hardware\kinetis\kinetis_port_kv.h">
      <Filter>WinSim\SIMKinetis</Filter>
    </ClInclude>
    <ClInclude Include="..\..\..\Hardware\Kinetis\kinetis_UART.h">
      <Filter>Hardware\Kinetis</Filter>
    </ClInclude>
    <ClInclude Include="..\..\..\Hardware\Kinetis\kinetis_ENET.h">
      <Filter>Hardware\Kinetis</Filter>
    </ClInclude>
    <ClInclude Include="..\..\..\Hardware\Kinetis\kinetis_CAN.h">
      <Filter>Hardware\Kinetis</Filter>
    </ClInclude>
    <ClInclude Include="..\..\..\Hardware\Kinetis\kinetis_I2C.h">
      <Filter>Hardware\Kinetis</Filter>
    </ClInclude>
    <ClInclude Include="..\..\..\Hardware\Kinetis\kinetis_FLASH.h">
      <Filter>Hardware\Kinetis</Filter>
    </ClInclude>
    <ClInclude Include="..\..\..\Hardware\Kinetis\kinetis_SDHC.h">
      <Filter>Hardware\Kinetis</Filter>
    </ClInclude>
    <ClInclude Include="..\..\..\Hardware\Kinetis\kinetis_PWM.h">
      <Filter>Hardware\Kinetis</Filter>
    </ClInclude>
    <ClInclude Include="..\..\..\Hardware\Kinetis\kinetis_low_power.h">
      <Filter>Hardware\Kinetis</Filter>
    </ClInclude>
    <ClInclude Include="..\..\..\Hardware\Kinetis\kinetis_KBI.h">
      <Filter>Hardware\Kinetis</Filter>
    </ClInclude>
    <ClInclude Include="..\..\..\Hardware\Kinetis\kinetis_RTC.h">
      <Filter>Hardware\Kinetis</Filter>
    </ClInclude>
    <ClInclude Include="..\..\..\Hardware\Kinetis\kinetis_PIT.h">
      <Filter>Hardware\Kinetis</Filter>
    </ClInclude>
    <ClInclude Include="..\..\..\Hardware\Kinetis\kinetis_LPTMR.h">
      <Filter>Hardware\Kinetis</Filter>
    </ClInclude>
    <ClInclude Include="..\..\..\Hardware\Kinetis\kinetis_FLEXTIMER.h">
      <Filter>Hardware\Kinetis</Filter>
    </ClInclude>
    <ClInclude Include="..\..\..\Hardware\Kinetis\kinetis_PDB.h">
      <Filter>Hardware\Kinetis</Filter>
    </ClInclude>
    <ClInclude Include="..\..\..\Hardware\Kinetis\kinetis_ADC.h">
      <Filter>Hardware\Kinetis</Filter>
    </ClInclude>
    <ClInclude Include="..\..\..\Hardware\Kinetis\kinetis_DAC.h">
      <Filter>Hardware\Kinetis</Filter>
    </ClInclude>
    <ClInclude Include="..\..\..\Hardware\Kinetis\kinetis_PORTS.h">
      <Filter>Hardware\Kinetis</Filter>
    </ClInclude>
    <ClInclude Include="..\..\..\Hardware\Kinetis\kinetis_LLWU.h">
      <Filter>Hardware\Kinetis</Filter>
    </ClInclude>
    <ClInclude Include="..\user_glcd_fonts.h">
      <Filter>Header Files</Filter>
    </ClInclude>
    <ClInclude Include="..\..\..\Hardware\Kinetis\kinetis_errata.h">
      <Filter>Hardware\Kinetis</Filter>
    </ClInclude>
    <ClInclude Include="..\..\..\Hardware\Kinetis\kinetis_port_k00.h">
      <Filter>WinSim\SIMKinetis</Filter>
    </ClInclude>
    <ClInclude Include="..\usb_hid_raw_descriptors.h">
      <Filter>Header Files</Filter>
    </ClInclude>
    <ClInclude Include="..\usb_audio_descriptors.h">
      <Filter>Header Files</Filter>
    </ClInclude>
    <ClInclude Include="..\..\..\Hardware\Kinetis\kinetis_DMA.h">
      <Filter>Hardware\Kinetis</Filter>
    </ClInclude>
    <ClInclude Include="..\..\..\Hardware\Kinetis\kinetis_I2S.h">
      <Filter>Hardware\Kinetis</Filter>
    </ClInclude>
    <ClInclude Include="..\..\..\Hardware\Kinetis\kinetis_port_K26_K65_K66.h">
      <Filter>WinSim\SIMKinetis</Filter>
    </ClInclude>
    <ClInclude Include="..\..\..\Hardware\Kinetis\kinetis_port_k80.h">
      <Filter>WinSim\SIMKinetis</Filter>
    </ClInclude>
    <ClInclude Include="..\..\..\Hardware\Kinetis\kinetis_port_kw.h">
      <Filter>WinSim\SIMKinetis</Filter>
    </ClInclude>
    <ClInclude Include="..\i2c_tests.h">
      <Filter>Header Files</Filter>
    </ClInclude>
    <ClInclude Include="..\..\..\stack\SSL\mbedtls-1.3.10\aes.h">
      <Filter>TCP/IP\mbedtls</Filter>
    </ClInclude>
    <ClInclude Include="..\..\..\stack\SSL\wolfssl-3.9.6\aes.h">
      <Filter>TCP/IP\wolfSSL</Filter>
    </ClInclude>
    <ClInclude Include="..\..\..\stack\SSL\wolfssl-3.9.6\error-crypt.h">
      <Filter>TCP/IP\wolfSSL</Filter>
    </ClInclude>
    <ClInclude Include="..\..\..\stack\SSL\wolfssl-3.9.6\memory.h">
      <Filter>TCP/IP\wolfSSL</Filter>
    </ClInclude>
    <ClInclude Include="..\..\..\stack\SSL\wolfssl-3.9.6\misc.h">
      <Filter>TCP/IP\wolfSSL</Filter>
    </ClInclude>
    <ClInclude Include="..\..\..\stack\SSL\wolfssl-3.9.6\settings.h">
      <Filter>TCP/IP\wolfSSL</Filter>
    </ClInclude>
    <ClInclude Include="..\..\..\stack\SSL\wolfssl-3.9.6\types.h">
      <Filter>TCP/IP\wolfSSL</Filter>
    </ClInclude>
    <ClInclude Include="..\..\..\stack\SSL\wolfssl-3.9.6\visibility.h">
      <Filter>TCP/IP\wolfSSL</Filter>
    </ClInclude>
    <ClInclude Include="..\..\..\stack\SSL\wolfssl-3.9.6\wc_port.h">
      <Filter>TCP/IP\wolfSSL</Filter>
    </ClInclude>
    <ClInclude Include="..\..\..\stack\SSL\wolfssl-3.9.6\misc_code.h">
      <Filter>TCP/IP\wolfSSL</Filter>
    </ClInclude>
    <ClInclude Include="..\..\..\stack\SSL\openssl-1.0.2\aes.h">
      <Filter>TCP/IP\OpenSSL</Filter>
    </ClInclude>
    <ClInclude Include="..\..\..\stack\SSL\openssl-1.0.2\modes.h">
      <Filter>TCP/IP\OpenSSL</Filter>
    </ClInclude>
    <ClInclude Include="..\..\..\stack\SSL\openssl-1.0.2\aes_locl.h">
      <Filter>TCP/IP\OpenSSL</Filter>
    </ClInclude>
    <ClInclude Include="..\..\..\stack\SSL\openssl-1.0.2\modes_lcl.h">
      <Filter>TCP/IP\OpenSSL</Filter>
    </ClInclude>
    <ClInclude Include="..\..\..\Hardware\Kinetis\kinetis_KL_CLOCK.h">
      <Filter>Hardware\Kinetis</Filter>
    </ClInclude>
    <ClInclude Include="..\..\..\Hardware\Kinetis\kinetis_MCG_LITE.h">
      <Filter>Hardware\Kinetis</Filter>
    </ClInclude>
    <ClInclude Include="..\..\..\Hardware\Kinetis\kinetis_K_CLOCK.h">
      <Filter>Hardware\Kinetis</Filter>
    </ClInclude>
    <ClInclude Include="..\..\..\Hardware\Kinetis\kinetis_KV_CLOCK.h">
      <Filter>Hardware\Kinetis</Filter>
    </ClInclude>
    <ClInclude Include="..\..\..\Hardware\Kinetis\kinetis_KE_CLOCK.h">
      <Filter>Hardware\Kinetis</Filter>
    </ClInclude>
    <ClInclude Include="..\..\..\Hardware\Kinetis\kinetis_KM_CLOCK.h">
      <Filter>Hardware\Kinetis</Filter>
    </ClInclude>
    <ClInclude Include="..\..\..\Hardware\Kinetis\kinetis_KW_CLOCK.h">
      <Filter>Hardware\Kinetis</Filter>
    </ClInclude>
    <ClInclude Include="..\..\..\Hardware\Kinetis\kinetis_HIRC.h">
      <Filter>Hardware\Kinetis</Filter>
    </ClInclude>
    <ClInclude Include="..\..\..\uTasker\uGLCDLIB\FT_CoPro_Cmds.h">
      <Filter>uTasker\uGLCDLIB</Filter>
    </ClInclude>
    <ClInclude Include="..\..\..\uTasker\uGLCDLIB\FT_Gpu.h">
      <Filter>uTasker\uGLCDLIB</Filter>
    </ClInclude>
    <ClInclude Include="..\..\..\stack\PPP\auth.h">
      <Filter>TCP/IP\PPP</Filter>
    </ClInclude>
    <ClInclude Include="..\..\..\stack\PPP\chap.h">
      <Filter>TCP/IP\PPP</Filter>
    </ClInclude>
    <ClInclude Include="..\..\..\stack\PPP\chpms.h">
      <Filter>TCP/IP\PPP</Filter>
    </ClInclude>
    <ClInclude Include="..\..\..\stack\PPP\fsm.h">
      <Filter>TCP/IP\PPP</Filter>
    </ClInclude>
    <ClInclude Include="..\..\..\stack\PPP\ipcp.h">
      <Filter>TCP/IP\PPP</Filter>
    </ClInclude>
    <ClInclude Include="..\..\..\stack\PPP\lcp.h">
      <Filter>TCP/IP\PPP</Filter>
    </ClInclude>
    <ClInclude Include="..\..\..\stack\PPP\magic.h">
      <Filter>TCP/IP\PPP</Filter>
    </ClInclude>
    <ClInclude Include="..\..\..\stack\PPP\md5.h">
      <Filter>TCP/IP\PPP</Filter>
    </ClInclude>
    <ClInclude Include="..\..\..\stack\PPP\pap.h">
      <Filter>TCP/IP\PPP</Filter>
    </ClInclude>
    <ClInclude Include="..\..\..\stack\PPP\ppp.h">
      <Filter>TCP/IP\PPP</Filter>
    </ClInclude>
    <ClInclude Include="..\..\..\stack\PPP\ppp_impl.h">
      <Filter>TCP/IP\PPP</Filter>
    </ClInclude>
    <ClInclude Include="..\..\..\stack\PPP\pppdebug.h">
      <Filter>TCP/IP\PPP</Filter>
    </ClInclude>
    <ClInclude Include="..\..\..\stack\PPP\randm.h">
      <Filter>TCP/IP\PPP</Filter>
    </ClInclude>
    <ClInclude Include="..\..\..\stack\PPP\vj.h">
      <Filter>TCP/IP\PPP</Filter>
    </ClInclude>
    <ClInclude Include="..\..\..\stack\PPP\arch\cc.h">
      <Filter>TCP/IP\PPP</Filter>
    </ClInclude>
    <ClInclude Include="..\..\..\stack\PPP\arch\perf.h">
      <Filter>TCP/IP\PPP</Filter>
    </ClInclude>
    <ClInclude Include="..\..\..\stack\PPP\arch\sys_arch.h">
      <Filter>TCP/IP\PPP</Filter>
    </ClInclude>
    <ClInclude Include="..\..\..\stack\PPP\lwip\api.h">
      <Filter>TCP/IP\PPP</Filter>
    </ClInclude>
    <ClInclude Include="..\..\..\stack\PPP\lwip\api_msg.h">
      <Filter>TCP/IP\PPP</Filter>
    </ClInclude>
    <ClInclude Include="..\..\..\stack\PPP\lwip\arch.h">
      <Filter>TCP/IP\PPP</Filter>
    </ClInclude>
    <ClInclude Include="..\..\..\stack\PPP\lwip\debug.h">
      <Filter>TCP/IP\PPP</Filter>
    </ClInclude>
    <ClInclude Include="..\..\..\stack\PPP\lwip\def.h">
      <Filter>TCP/IP\PPP</Filter>
    </ClInclude>
    <ClInclude Include="..\..\..\stack\PPP\lwip\dhcp.h">
      <Filter>TCP/IP\PPP</Filter>
    </ClInclude>
    <ClInclude Include="..\..\..\stack\PPP\lwip\dns.h">
      <Filter>TCP/IP\PPP</Filter>
    </ClInclude>
    <ClInclude Include="..\..\..\stack\PPP\lwip\err.h">
      <Filter>TCP/IP\PPP</Filter>
    </ClInclude>
    <ClInclude Include="..\..\..\stack\PPP\lwip\icmp.h">
      <Filter>TCP/IP\PPP</Filter>
    </ClInclude>
    <ClInclude Include="..\..\..\stack\PPP\lwip\inet.h">
      <Filter>TCP/IP\PPP</Filter>
    </ClInclude>
    <ClInclude Include="..\..\..\stack\PPP\lwip\init.h">
      <Filter>TCP/IP\PPP</Filter>
    </ClInclude>
    <ClInclude Include="..\..\..\stack\PPP\lwip\ip.h">
      <Filter>TCP/IP\PPP</Filter>
    </ClInclude>
    <ClInclude Include="..\..\..\stack\PPP\lwip\ip_addr.h">
      <Filter>TCP/IP\PPP</Filter>
    </ClInclude>
    <ClInclude Include="..\..\..\stack\PPP\lwip\mem.h">
      <Filter>TCP/IP\PPP</Filter>
    </ClInclude>
    <ClInclude Include="..\..\..\stack\PPP\lwip\memp.h">
      <Filter>TCP/IP\PPP</Filter>
    </ClInclude>
    <ClInclude Include="..\..\..\stack\PPP\lwip\memp_std.h">
      <Filter>TCP/IP\PPP</Filter>
    </ClInclude>
    <ClInclude Include="..\..\..\stack\PPP\lwip\netbuf.h">
      <Filter>TCP/IP\PPP</Filter>
    </ClInclude>
    <ClInclude Include="..\..\..\stack\PPP\lwip\netdb.h">
      <Filter>TCP/IP\PPP</Filter>
    </ClInclude>
    <ClInclude Include="..\..\..\stack\PPP\lwip\netif.h">
      <Filter>TCP/IP\PPP</Filter>
    </ClInclude>
    <ClInclude Include="..\..\..\stack\PPP\lwip\netifapi.h">
      <Filter>TCP/IP\PPP</Filter>
    </ClInclude>
    <ClInclude Include="..\..\..\stack\PPP\lwip\opt.h">
      <Filter>TCP/IP\PPP</Filter>
    </ClInclude>
    <ClInclude Include="..\..\..\stack\PPP\lwip\pbuf.h">
      <Filter>TCP/IP\PPP</Filter>
    </ClInclude>
    <ClInclude Include="..\..\..\stack\PPP\lwip\raw.h">
      <Filter>TCP/IP\PPP</Filter>
    </ClInclude>
    <ClInclude Include="..\..\..\stack\PPP\lwip\sio.h">
      <Filter>TCP/IP\PPP</Filter>
    </ClInclude>
    <ClInclude Include="..\..\..\stack\PPP\lwip\snmp.h">
      <Filter>TCP/IP\PPP</Filter>
    </ClInclude>
    <ClInclude Include="..\..\..\stack\PPP\lwip\snmp_asn1.h">
      <Filter>TCP/IP\PPP</Filter>
    </ClInclude>
    <ClInclude Include="..\..\..\stack\PPP\lwip\snmp_msg.h">
      <Filter>TCP/IP\PPP</Filter>
    </ClInclude>
    <ClInclude Include="..\..\..\stack\PPP\lwip\snmp_structs.h">
      <Filter>TCP/IP\PPP</Filter>
    </ClInclude>
    <ClInclude Include="..\..\..\stack\PPP\lwip\sockets.h">
      <Filter>TCP/IP\PPP</Filter>
    </ClInclude>
    <ClInclude Include="..\..\..\stack\PPP\lwip\stats.h">
      <Filter>TCP/IP\PPP</Filter>
    </ClInclude>
    <ClInclude Include="..\..\..\stack\PPP\lwip\sys.h">
      <Filter>TCP/IP\PPP</Filter>
    </ClInclude>
    <ClInclude Include="..\..\..\stack\PPP\lwip\tcp.h">
      <Filter>TCP/IP\PPP</Filter>
    </ClInclude>
    <ClInclude Include="..\..\..\stack\PPP\lwip\tcp_impl.h">
      <Filter>TCP/IP\PPP</Filter>
    </ClInclude>
    <ClInclude Include="..\..\..\stack\PPP\lwip\tcpip.h">
      <Filter>TCP/IP\PPP</Filter>
    </ClInclude>
    <ClInclude Include="..\..\..\stack\PPP\lwip\timers.h">
      <Filter>TCP/IP\PPP</Filter>
    </ClInclude>
    <ClInclude Include="..\..\..\stack\PPP\lwip\udp.h">
      <Filter>TCP/IP\PPP</Filter>
    </ClInclude>
    <ClInclude Include="..\..\..\stack\PPP\fsl_debug_console.h">
      <Filter>TCP/IP\PPP</Filter>
    </ClInclude>
    <ClInclude Include="..\..\..\stack\PPP\fsl_os_abstraction.h">
      <Filter>TCP/IP\PPP</Filter>
    </ClInclude>
    <ClInclude Include="..\..\..\stack\PPP\fsl_os_abstraction_bm.h">
      <Filter>TCP/IP\PPP</Filter>
    </ClInclude>
    <ClInclude Include="..\..\..\stack\PPP\lwipopts.h">
      <Filter>TCP/IP\PPP</Filter>
    </ClInclude>
    <ClInclude Include="..\..\..\Stack\tcpip.h">
      <Filter>Header Files</Filter>
    </ClInclude>
    <ClInclude Include="..\FreeRTOSConfig.h">
      <Filter>Header Files</Filter>
    </ClInclude>
    <ClInclude Include="..\..\..\FreeRTOS\Source\include\FreeRTOS.h">
      <Filter>FreeRTOS\include</Filter>
    </ClInclude>
    <ClInclude Include="..\..\..\FreeRTOS\Source\include\task.h">
      <Filter>FreeRTOS\include</Filter>
    </ClInclude>
    <ClInclude Include="..\..\..\FreeRTOS\Source\include\croutine.h">
      <Filter>FreeRTOS\include</Filter>
    </ClInclude>
    <ClInclude Include="..\..\..\FreeRTOS\Source\include\event_groups.h">
      <Filter>FreeRTOS\include</Filter>
    </ClInclude>
    <ClInclude Include="..\..\..\FreeRTOS\Source\include\list.h">
      <Filter>FreeRTOS\include</Filter>
    </ClInclude>
    <ClInclude Include="..\..\..\FreeRTOS\Source\include\queue.h">
      <Filter>FreeRTOS\include</Filter>
    </ClInclude>
    <ClInclude Include="..\..\..\FreeRTOS\Source\include\timers.h">
      <Filter>FreeRTOS\include</Filter>
    </ClInclude>
    <ClInclude Include="..\..\..\FreeRTOS\Source\portable\GCC\ARM_CM4F\portmacro.h">
      <Filter>FreeRTOS\portable</Filter>
    </ClInclude>
    <ClInclude Include="..\..\..\uTasker\driver.h">
      <Filter>Header Files</Filter>
    </ClInclude>
    <ClInclude Include="..\..\..\Hardware\Kinetis\kinetis_LPI2C.h">
      <Filter>Hardware\Kinetis</Filter>
    </ClInclude>
    <ClInclude Include="..\..\..\Hardware\Kinetis\kinetis_timer_pins.h">
      <Filter>Hardware\Kinetis</Filter>
    </ClInclude>
    <ClInclude Include="..\..\..\uTasker\usb.h">
      <Filter>Header Files</Filter>
    </ClInclude>
    <ClInclude Include="..\..\..\stack\SSL\mbedtls-2.6\mbedtls\aes.h">
      <Filter>TCP/IP\MQTTS\include</Filter>
    </ClInclude>
    <ClInclude Include="..\..\..\stack\SSL\mbedtls-2.6\mbedtls\asn1.h">
      <Filter>TCP/IP\MQTTS\include</Filter>
    </ClInclude>
    <ClInclude Include="..\..\..\stack\SSL\mbedtls-2.6\mbedtls\asn1write.h">
      <Filter>TCP/IP\MQTTS\include</Filter>
    </ClInclude>
    <ClInclude Include="..\..\..\stack\SSL\mbedtls-2.6\mbedtls\base64.h">
      <Filter>TCP/IP\MQTTS\include</Filter>
    </ClInclude>
    <ClInclude Include="..\..\..\stack\SSL\mbedtls-2.6\mbedtls\bignum.h">
      <Filter>TCP/IP\MQTTS\include</Filter>
    </ClInclude>
    <ClInclude Include="..\..\..\stack\SSL\mbedtls-2.6\mbedtls\bn_mul.h">
      <Filter>TCP/IP\MQTTS\include</Filter>
    </ClInclude>
    <ClInclude Include="..\..\..\stack\SSL\mbedtls-2.6\mbedtls\certs.h">
      <Filter>TCP/IP\MQTTS\include</Filter>
    </ClInclude>
    <ClInclude Include="..\..\..\stack\SSL\mbedtls-2.6\mbedtls\check_config.h">
      <Filter>TCP/IP\MQTTS\include</Filter>
    </ClInclude>
    <ClInclude Include="..\..\..\stack\SSL\mbedtls-2.6\mbedtls\cipher.h">
      <Filter>TCP/IP\MQTTS\include</Filter>
    </ClInclude>
    <ClInclude Include="..\..\..\stack\SSL\mbedtls-2.6\mbedtls\cipher_internal.h">
      <Filter>TCP/IP\MQTTS\include</Filter>
    </ClInclude>
    <ClInclude Include="..\..\..\stack\SSL\mbedtls-2.6\mbedtls\config.h">
      <Filter>TCP/IP\MQTTS\include</Filter>
    </ClInclude>
    <ClInclude Include="..\..\..\stack\SSL\mbedtls-2.6\mbedtls\debug.h">
      <Filter>TCP/IP\MQTTS\include</Filter>
    </ClInclude>
    <ClInclude Include="..\..\..\stack\SSL\mbedtls-2.6\mbedtls\des.h">
      <Filter>TCP/IP\MQTTS\include</Filter>
    </ClInclude>
    <ClInclude Include="..\..\..\stack\SSL\mbedtls-2.6\mbedtls\dhm.h">
      <Filter>TCP/IP\MQTTS\include</Filter>
    </ClInclude>
    <ClInclude Include="..\..\..\stack\SSL\mbedtls-2.6\mbedtls\ecdh.h">
      <Filter>TCP/IP\MQTTS\include</Filter>
    </ClInclude>
    <ClInclude Include="..\..\..\stack\SSL\mbedtls-2.6\mbedtls\ecdsa.h">
      <Filter>TCP/IP\MQTTS\include</Filter>
    </ClInclude>
    <ClInclude Include="..\..\..\stack\SSL\mbedtls-2.6\mbedtls\ecp.h">
      <Filter>TCP/IP\MQTTS\include</Filter>
    </ClInclude>
    <ClInclude Include="..\..\..\stack\SSL\mbedtls-2.6\mbedtls\ecp_internal.h">
      <Filter>TCP/IP\MQTTS\include</Filter>
    </ClInclude>
    <ClInclude Include="..\..\..\stack\SSL\mbedtls-2.6\mbedtls\gcm.h">
      <Filter>TCP/IP\MQTTS\include</Filter>
    </ClInclude>
    <ClInclude Include="..\..\..\stack\SSL\mbedtls-2.6\mbedtls\hmac_drbg.h">
      <Filter>TCP/IP\MQTTS\include</Filter>
    </ClInclude>
    <ClInclude Include="..\..\..\stack\SSL\mbedtls-2.6\mbedtls\md.h">
      <Filter>TCP/IP\MQTTS\include</Filter>
    </ClInclude>
    <ClInclude Include="..\..\..\stack\SSL\mbedtls-2.6\mbedtls\md_internal.h">
      <Filter>TCP/IP\MQTTS\include</Filter>
    </ClInclude>
    <ClInclude Include="..\..\..\stack\SSL\mbedtls-2.6\mbedtls\md5.h">
      <Filter>TCP/IP\MQTTS\include</Filter>
    </ClInclude>
    <ClInclude Include="..\..\..\stack\SSL\mbedtls-2.6\mbedtls\oid.h">
      <Filter>TCP/IP\MQTTS\include</Filter>
    </ClInclude>
    <ClInclude Include="..\..\..\stack\SSL\mbedtls-2.6\mbedtls\pem.h">
      <Filter>TCP/IP\MQTTS\include</Filter>
    </ClInclude>
    <ClInclude Include="..\..\..\stack\SSL\mbedtls-2.6\mbedtls\pk.h">
      <Filter>TCP/IP\MQTTS\include</Filter>
    </ClInclude>
    <ClInclude Include="..\..\..\stack\SSL\mbedtls-2.6\mbedtls\pk_internal.h">
      <Filter>TCP/IP\MQTTS\include</Filter>
    </ClInclude>
    <ClInclude Include="..\..\..\stack\SSL\mbedtls-2.6\mbedtls\platform.h">
      <Filter>TCP/IP\MQTTS\include</Filter>
    </ClInclude>
    <ClInclude Include="..\..\..\stack\SSL\mbedtls-2.6\mbedtls\rsa.h">
      <Filter>TCP/IP\MQTTS\include</Filter>
    </ClInclude>
    <ClInclude Include="..\..\..\stack\SSL\mbedtls-2.6\mbedtls\sha1.h">
      <Filter>TCP/IP\MQTTS\include</Filter>
    </ClInclude>
    <ClInclude Include="..\..\..\stack\SSL\mbedtls-2.6\mbedtls\sha256.h">
      <Filter>TCP/IP\MQTTS\include</Filter>
    </ClInclude>
    <ClInclude Include="..\..\..\stack\SSL\mbedtls-2.6\mbedtls\ssl.h">
      <Filter>TCP/IP\MQTTS\include</Filter>
    </ClInclude>
    <ClInclude Include="..\..\..\stack\SSL\mbedtls-2.6\mbedtls\ssl_ciphersuites.h">
      <Filter>TCP/IP\MQTTS\include</Filter>
    </ClInclude>
    <ClInclude Include="..\..\..\stack\SSL\mbedtls-2.6\mbedtls\ssl_internal.h">
      <Filter>TCP/IP\MQTTS\include</Filter>
    </ClInclude>
    <ClInclude Include="..\..\..\stack\SSL\mbedtls-2.6\mbedtls\threading.h">
      <Filter>TCP/IP\MQTTS\include</Filter>
    </ClInclude>
    <ClInclude Include="..\..\..\stack\SSL\mbedtls-2.6\mbedtls\x509.h">
      <Filter>TCP/IP\MQTTS\include</Filter>
    </ClInclude>
    <ClInclude Include="..\..\..\stack\SSL\mbedtls-2.6\mbedtls\x509_crl.h">
      <Filter>TCP/IP\MQTTS\include</Filter>
    </ClInclude>
    <ClInclude Include="..\..\..\stack\SSL\mbedtls-2.6\mbedtls\x509_crt.h">
      <Filter>TCP/IP\MQTTS\include</Filter>
    </ClInclude>
    <ClInclude Include="..\app_hw_stm32.h">
      <Filter>Header Files</Filter>
    </ClInclude>
    <ClInclude Include="..\..\..\Hardware\STM32\STM32.h">
      <Filter>Hardware\STM32</Filter>
    </ClInclude>
    <ClInclude Include="..\..\..\Hardware\STM32\stm32_ADC.h">
      <Filter>Hardware\STM32</Filter>
    </ClInclude>
    <ClInclude Include="..\..\..\Hardware\STM32\stm32_ENET.h">
      <Filter>Hardware\STM32</Filter>
    </ClInclude>
    <ClInclude Include="..\..\..\Hardware\STM32\stm32_FLASH.h">
      <Filter>Hardware\STM32</Filter>
    </ClInclude>
    <ClInclude Include="..\..\..\Hardware\STM32\stm32_I2C.h">
      <Filter>Hardware\STM32</Filter>
    </ClInclude>
    <ClInclude Include="..\..\..\Hardware\STM32\stm32_PORTS.h">
      <Filter>Hardware\STM32</Filter>
    </ClInclude>
    <ClInclude Include="..\..\..\Hardware\STM32\stm32_TIMER.h">
      <Filter>Hardware\STM32</Filter>
    </ClInclude>
    <ClInclude Include="..\..\..\Hardware\STM32\stm32_UART.h">
      <Filter>Hardware\STM32</Filter>
    </ClInclude>
    <ClInclude Include="..\debug_hal_kinetis.h">
      <Filter>Header Files</Filter>
    </ClInclude>
    <ClInclude Include="..\debug_hal_stm32.h">
      <Filter>Header Files</Filter>
    </ClInclude>
    <ClInclude Include="..\..\..\Hardware\STM32\simSTM32.h">
      <Filter>WinSim\SIMstm32</Filter>
    </ClInclude>
    <ClInclude Include="..\..\..\Hardware\CMSIS_DSP\arm_common_tables.h">
      <Filter>Hardware\CMSIS_DSP</Filter>
    </ClInclude>
    <ClInclude Include="..\..\..\Hardware\CMSIS_DSP\arm_const_structs.h">
      <Filter>Hardware\CMSIS_DSP</Filter>
    </ClInclude>
    <ClInclude Include="..\..\..\Hardware\CMSIS_DSP\arm_math.h">
      <Filter>Hardware\CMSIS_DSP</Filter>
    </ClInclude>
    <ClInclude Include="..\..\..\Hardware\CMSIS_DSP\cmsis_compiler.h">
      <Filter>Hardware\CMSIS_DSP</Filter>
    </ClInclude>
    <ClInclude Include="..\..\..\Hardware\CMSIS_DSP\cmsis_gcc.h">
      <Filter>Hardware\CMSIS_DSP</Filter>
    </ClInclude>
    <ClInclude Include="..\..\..\Hardware\CMSIS_DSP\core_cm0plus.h">
      <Filter>Hardware\CMSIS_DSP</Filter>
    </ClInclude>
    <ClInclude Include="..\..\..\Hardware\CMSIS_DSP\core_cm4.h">
      <Filter>Hardware\CMSIS_DSP</Filter>
    </ClInclude>
    <ClInclude Include="..\..\..\Hardware\CMSIS_DSP\core_cm7.h">
      <Filter>Hardware\CMSIS_DSP</Filter>
    </ClInclude>
    <ClInclude Include="..\..\..\Hardware\STM32\STM32F7XX_port.h">
      <Filter>WinSim\SIMstm32</Filter>
    </ClInclude>
    <ClInclude Include="..\..\..\Hardware\STM32\STM32F41X_port.h">
      <Filter>WinSim\SIMstm32</Filter>
    </ClInclude>
    <ClInclude Include="..\..\..\Hardware\STM32\STM32F100X_port.h">
      <Filter>WinSim\SIMstm32</Filter>
    </ClInclude>
    <ClInclude Include="..\..\..\Hardware\STM32\STM32F105X_107X_port.h">
      <Filter>WinSim\SIMstm32</Filter>
    </ClInclude>
    <ClInclude Include="..\..\..\Hardware\STM32\STM32L4XX_port.h">
      <Filter>WinSim\SIMstm32</Filter>
    </ClInclude>
    <ClInclude Include="..\..\..\Hardware\STM32\STM32L031_port.h">
      <Filter>WinSim\SIMstm32</Filter>
    </ClInclude>
    <ClInclude Include="..\..\..\Hardware\Luminary\LM3SXXXX.h">
      <Filter>Hardware\Luminary</Filter>
    </ClInclude>
    <ClInclude Include="..\..\..\Hardware\Luminary\spi_flash_lm3s_atmel.h">
      <Filter>Hardware\Luminary</Filter>
    </ClInclude>
    <ClInclude Include="..\..\..\Hardware\Luminary\spi_flash_lm3s_sst25.h">
      <Filter>Hardware\Luminary</Filter>
    </ClInclude>
    <ClInclude Include="..\..\..\Hardware\Luminary\spi_flash_lm3s_stmicro.h">
      <Filter>Hardware\Luminary</Filter>
    </ClInclude>
    <ClInclude Include="..\..\..\Hardware\Luminary\spi_sc16IS7xx.h">
      <Filter>Hardware\Luminary</Filter>
    </ClInclude>
    <ClInclude Include="..\..\..\Hardware\Luminary\LM3S9B95_port.h">
      <Filter>WinSim\SIMluminary</Filter>
    </ClInclude>
    <ClInclude Include="..\..\..\Hardware\Luminary\LM3S10X_port.h">
      <Filter>WinSim\SIMluminary</Filter>
    </ClInclude>
    <ClInclude Include="..\..\..\Hardware\Luminary\LM3S1968_port.h">
      <Filter>WinSim\SIMluminary</Filter>
    </ClInclude>
    <ClInclude Include="..\..\..\Hardware\Luminary\LM3S2110_port.h">
      <Filter>WinSim\SIMluminary</Filter>
    </ClInclude>
    <ClInclude Include="..\..\..\Hardware\Luminary\LM3S2139_port.h">
      <Filter>WinSim\SIMluminary</Filter>
    </ClInclude>
    <ClInclude Include="..\..\..\Hardware\Luminary\LM3S3748_port.h">
      <Filter>WinSim\SIMluminary</Filter>
    </ClInclude>
    <ClInclude Include="..\..\..\Hardware\Luminary\LM3S3768_port.h">
      <Filter>WinSim\SIMluminary</Filter>
    </ClInclude>
    <ClInclude Include="..\..\..\Hardware\Luminary\LM3S5732_port.h">
      <Filter>WinSim\SIMluminary</Filter>
    </ClInclude>
    <ClInclude Include="..\..\..\Hardware\Luminary\LM3S6965_port.h">
      <Filter>WinSim\SIMluminary</Filter>
    </ClInclude>
    <ClInclude Include="..\..\..\Hardware\Luminary\LM3S8962_port.h">
      <Filter>WinSim\SIMluminary</Filter>
    </ClInclude>
    <ClInclude Include="..\..\..\Hardware\Luminary\SimLM3SXXXX.h">
      <Filter>WinSim\SIMluminary</Filter>
    </ClInclude>
    <ClInclude Include="..\app_hw_lm3sxxxx.h">
      <Filter>Header Files</Filter>
    </ClInclude>
    <ClInclude Include="..\..\..\Hardware\CMSIS_DSP\core_cm3.h">
      <Filter>Hardware\CMSIS_DSP</Filter>
    </ClInclude>
    <ClInclude Include="..\..\..\Hardware\Kinetis\kinetis.h">
      <Filter>Hardware\Kinetis</Filter>
    </ClInclude>
    <ClInclude Include="..\..\..\Hardware\CMSIS_DSP\core_cm0.h">
      <Filter>Hardware\CMSIS_DSP</Filter>
    </ClInclude>
    <ClInclude Include="..\..\..\Hardware\STM32\STM32F031_port.h">
      <Filter>WinSim\SIMstm32</Filter>
    </ClInclude>
    <ClInclude Include="..\debug_hal_luminary.h">
      <Filter>Header Files</Filter>
    </ClInclude>
    <ClInclude Include="..\..\..\Hardware\Coldfire\M5223X.h">
      <Filter>Hardware\Coldfire</Filter>
    </ClInclude>
    <ClInclude Include="..\..\..\Hardware\Coldfire\spi_flash_m5223x_atmel.h">
      <Filter>Hardware\Coldfire</Filter>
    </ClInclude>
    <ClInclude Include="..\..\..\Hardware\Coldfire\spi_flash_m5223x_sst25.h">
      <Filter>Hardware\Coldfire</Filter>
    </ClInclude>
    <ClInclude Include="..\..\..\Hardware\Coldfire\spi_flash_m5223x_stmicro.h">
      <Filter>Hardware\Coldfire</Filter>
    </ClInclude>
    <ClInclude Include="..\..\..\Hardware\Kinetis\kinetis_port_km.h">
      <Filter>WinSim\SIMKinetis</Filter>
    </ClInclude>
    <ClInclude Include="..\..\..\Hardware\Coldfire\SimM5223X.h">
      <Filter>WinSim\SIMcoldfire</Filter>
    </ClInclude>
    <ClInclude Include="..\app_hw_m5223x.h">
      <Filter>Header Files</Filter>
    </ClInclude>
    <ClInclude Include="..\debug_hal_m522xx.h">
      <Filter>Header Files</Filter>
    </ClInclude>
    <ClInclude Include="..\..\..\Hardware\packages.h">
      <Filter>Hardware</Filter>
    </ClInclude>
    <ClInclude Include="..\spi_tests.h">
      <Filter>Header Files</Filter>
    </ClInclude>
    <ClInclude Include="..\..\..\Hardware\Kinetis\kinetis_SPI.h">
      <Filter>Hardware\Kinetis</Filter>
    </ClInclude>
    <ClInclude Include="..\..\..\Hardware\STM32\STM32F427_429_port.h">
      <Filter>WinSim\SIMstm32</Filter>
    </ClInclude>
    <ClInclude Include="..\..\..\Hardware\AVR32\AVR32.h">
      <Filter>Hardware\AVR32</Filter>
    </ClInclude>
    <ClInclude Include="..\..\..\Hardware\AVR32\spi_flash_avr32_atmel.h">
      <Filter>Hardware\AVR32</Filter>
    </ClInclude>
    <ClInclude Include="..\..\..\Hardware\AVR32\spi_flash_avr32_sst25.h">
      <Filter>Hardware\AVR32</Filter>
    </ClInclude>
    <ClInclude Include="..\..\..\Hardware\AVR32\spi_flash_avr32_stmicro.h">
      <Filter>Hardware\AVR32</Filter>
    </ClInclude>
    <ClInclude Include="..\..\..\Hardware\AVR32\SimAVR32.h">
      <Filter>WinSim\SIMAVR32</Filter>
    </ClInclude>
    <ClInclude Include="..\app_hw_AVR32.h">
      <Filter>Header Files</Filter>
    </ClInclude>
    <ClInclude Include="..\debug_hal_avr32.h">
      <Filter>Header Files</Filter>
    </ClInclude>
    <ClInclude Include="..\..\..\stack\SSL\mbedtls-1.3.10\sha256.h">
      <Filter>TCP/IP\mbedtls</Filter>
    </ClInclude>
    <ClInclude Include="..\..\..\Hardware\Kinetis\kinetis_CMP.h">
      <Filter>Hardware\Kinetis</Filter>
    </ClInclude>
    <ClInclude Include="..\..\..\Hardware\STM32\stm32_CLOCK.h">
      <Filter>Hardware\STM32</Filter>
    </ClInclude>
    <ClInclude Include="..\..\..\Hardware\Kinetis\kinetis_uart_pins.h">
      <Filter>Hardware\Kinetis</Filter>
    </ClInclude>
    <ClInclude Include="..\app_hw_iMX.h">
      <Filter>Header Files</Filter>
    </ClInclude>
    <ClInclude Include="..\debug_hal_iMX.h">
      <Filter>Header Files</Filter>
    </ClInclude>
    <ClInclude Include="..\..\..\Hardware\iMX\iMX.h">
      <Filter>Hardware\iMX_RT</Filter>
    </ClInclude>
    <ClInclude Include="..\..\..\Hardware\iMX\iMX_ADC.h">
      <Filter>Hardware\iMX_RT</Filter>
    </ClInclude>
    <ClInclude Include="..\..\..\Hardware\iMX\iMX_CMP.h">
      <Filter>Hardware\iMX_RT</Filter>
    </ClInclude>
    <ClInclude Include="..\..\..\Hardware\iMX\iMX_DAC.h">
      <Filter>Hardware\iMX_RT</Filter>
    </ClInclude>
    <ClInclude Include="..\..\..\Hardware\iMX\iMX_errata.h">
      <Filter>Hardware\iMX_RT</Filter>
    </ClInclude>
    <ClInclude Include="..\..\..\Hardware\iMX\iMX_FLASH.h">
      <Filter>Hardware\iMX_RT</Filter>
    </ClInclude>
    <ClInclude Include="..\..\..\Hardware\iMX\iMX_HIRC.h">
      <Filter>Hardware\iMX_RT</Filter>
    </ClInclude>
    <ClInclude Include="..\..\..\Hardware\iMX\iMX_I2S.h">
      <Filter>Hardware\iMX_RT</Filter>
    </ClInclude>
    <ClInclude Include="..\..\..\Hardware\iMX\iMX_KBI.h">
      <Filter>Hardware\iMX_RT</Filter>
    </ClInclude>
    <ClInclude Include="..\..\..\Hardware\iMX\iMX_low_power.h">
      <Filter>Hardware\iMX_RT</Filter>
    </ClInclude>
    <ClInclude Include="..\..\..\Hardware\iMX\iMX_PWM.h">
      <Filter>Hardware\iMX_RT</Filter>
    </ClInclude>
    <ClInclude Include="..\..\..\Hardware\iMX\iMX_RTC.h">
      <Filter>Hardware\iMX_RT</Filter>
    </ClInclude>
    <ClInclude Include="..\..\..\Hardware\iMX\iMX_SPI.h">
      <Filter>Hardware\iMX_RT</Filter>
    </ClInclude>
    <ClInclude Include="..\..\..\Hardware\iMX\iMX_timer_pins.h">
      <Filter>Hardware\iMX_RT</Filter>
    </ClInclude>
    <ClInclude Include="..\..\..\Hardware\iMX\iMX_pinout.h">
      <Filter>WinSim\SIMiMX_RT</Filter>
    </ClInclude>
    <ClInclude Include="..\..\..\Hardware\iMX\sim_iMX.h">
      <Filter>WinSim\SIMiMX_RT</Filter>
    </ClInclude>
    <ClInclude Include="..\..\..\Hardware\STM32\stm32_USB_device.h">
      <Filter>Hardware\STM32</Filter>
    </ClInclude>
    <ClInclude Include="..\..\..\Hardware\STM32\stm32_USB_OTG.h">
      <Filter>Hardware\STM32</Filter>
    </ClInclude>
    <ClInclude Include="..\..\..\Hardware\LPC17XX\LPC17XX.h">
      <Filter>Hardware\LPC17XX</Filter>
    </ClInclude>
    <ClInclude Include="..\..\..\Hardware\LPC17XX\spi_flash_lpc_atmel.h">
      <Filter>Hardware\LPC17XX</Filter>
    </ClInclude>
    <ClInclude Include="..\..\..\Hardware\LPC17XX\spi_flash_lpc_sst25.h">
      <Filter>Hardware\LPC17XX</Filter>
    </ClInclude>
    <ClInclude Include="..\..\..\Hardware\LPC17XX\spi_flash_lpc_stmicro.h">
      <Filter>Hardware\LPC17XX</Filter>
    </ClInclude>
    <ClInclude Include="..\..\..\Hardware\SAM7\AT91SAM7S32_inc.h">
      <Filter>Hardware\SAM7</Filter>
    </ClInclude>
    <ClInclude Include="..\..\..\Hardware\SAM7\sam7x.h">
      <Filter>Hardware\SAM7</Filter>
    </ClInclude>
    <ClInclude Include="..\..\..\Hardware\SAM7\spi_flash_sam7x_atmel.h">
      <Filter>Hardware\SAM7</Filter>
    </ClInclude>
    <ClInclude Include="..\..\..\Hardware\SAM7\spi_flash_sam7x_sst25.h">
      <Filter>Hardware\SAM7</Filter>
    </ClInclude>
    <ClInclude Include="..\..\..\Hardware\SAM7\spi_flash_sam7x_stmicro.h">
      <Filter>Hardware\SAM7</Filter>
    </ClInclude>
    <ClInclude Include="..\..\..\Hardware\SAM7\spi_sc16IS7xx.h">
      <Filter>Hardware\SAM7</Filter>
    </ClInclude>
    <ClInclude Include="..\..\..\Hardware\NE64\ne64.h">
      <Filter>Hardware\NE64</Filter>
    </ClInclude>
    <ClInclude Include="..\..\..\Hardware\STM32\STM32F103X_port.h">
      <Filter>WinSim\SIMstm32</Filter>
    </ClInclude>
    <ClInclude Include="..\..\..\Hardware\iMX\iMX_PORTS.h">
      <Filter>Hardware\iMX_RT</Filter>
    </ClInclude>
    <ClInclude Include="..\..\..\Hardware\Coldfire\M52XX_SDRAM.h">
      <Filter>WinSim\SIMcoldfire</Filter>
    </ClInclude>
    <ClInclude Include="..\..\..\Hardware\Coldfire\M520X.h">
      <Filter>WinSim\SIMcoldfire</Filter>
    </ClInclude>
    <ClInclude Include="..\..\..\Hardware\Coldfire\M521X_port.h">
      <Filter>WinSim\SIMcoldfire</Filter>
    </ClInclude>
    <ClInclude Include="..\..\..\Hardware\Coldfire\M523X_port.h">
      <Filter>WinSim\SIMcoldfire</Filter>
    </ClInclude>
    <ClInclude Include="..\..\..\Hardware\Coldfire\M5222X_M5221X_port.h">
      <Filter>WinSim\SIMcoldfire</Filter>
    </ClInclude>
    <ClInclude Include="..\..\..\Hardware\Coldfire\M5223X_port.h">
      <Filter>WinSim\SIMcoldfire</Filter>
    </ClInclude>
    <ClInclude Include="..\..\..\Hardware\Coldfire\M5225X_port.h">
      <Filter>WinSim\SIMcoldfire</Filter>
    </ClInclude>
    <ClInclude Include="..\..\..\Hardware\Kinetis\kinetis_port_K27_K28.h">
      <Filter>WinSim\SIMKinetis</Filter>
    </ClInclude>
    <ClInclude Include="..\..\..\uTasker\uCANopen\CANopen.h">
      <Filter>uTasker\uCANopen</Filter>
    </ClInclude>
    <ClInclude Include="..\..\..\uTasker\uCANopen\CO_driver.h">
      <Filter>uTasker\uCANopen</Filter>
    </ClInclude>
    <ClInclude Include="..\..\..\uTasker\uCANopen\CO_Emergency.h">
      <Filter>uTasker\uCANopen</Filter>
    </ClInclude>
    <ClInclude Include="..\..\..\uTasker\uCANopen\CO_HBconsumer.h">
      <Filter>uTasker\uCANopen</Filter>
    </ClInclude>
    <ClInclude Include="..\..\..\uTasker\uCANopen\CO_NMT_Heartbeat.h">
      <Filter>uTasker\uCANopen</Filter>
    </ClInclude>
    <ClInclude Include="..\..\..\uTasker\uCANopen\CO_PDO.h">
      <Filter>uTasker\uCANopen</Filter>
    </ClInclude>
    <ClInclude Include="..\..\..\uTasker\uCANopen\CO_SDO.h">
      <Filter>uTasker\uCANopen</Filter>
    </ClInclude>
    <ClInclude Include="..\..\..\uTasker\uCANopen\CO_SDOmaster.h">
      <Filter>uTasker\uCANopen</Filter>
    </ClInclude>
    <ClInclude Include="..\..\..\uTasker\uCANopen\CO_SYNC.h">
      <Filter>uTasker\uCANopen</Filter>
    </ClInclude>
    <ClInclude Include="..\..\..\uTasker\uCANopen\CO_trace.h">
      <Filter>uTasker\uCANopen</Filter>
    </ClInclude>
    <ClInclude Include="..\..\..\uTasker\uCANopen\crc16-ccitt.h">
      <Filter>uTasker\uCANopen</Filter>
    </ClInclude>
    <ClInclude Include="..\CO_OD.h">
      <Filter>Source Files</Filter>
    </ClInclude>
    <ClInclude Include="..\..\..\Hardware\SPI_Memory\spi_eeprom_kinetis_25AA160.h">
      <Filter>Hardware\SPI_Memory</Filter>
    </ClInclude>
    <ClInclude Include="..\..\..\Hardware\SPI_Memory\spi_flash_kinetis_atmel.h">
      <Filter>Hardware\SPI_Memory</Filter>
    </ClInclude>
    <ClInclude Include="..\..\..\Hardware\SPI_Memory\spi_flash_kinetis_sst25.h">
      <Filter>Hardware\SPI_Memory</Filter>
    </ClInclude>
    <ClInclude Include="..\..\..\Hardware\SPI_Memory\spi_flash_kinetis_stmicro.h">
      <Filter>Hardware\SPI_Memory</Filter>
    </ClInclude>
    <ClInclude Include="..\..\..\Hardware\SPI_Memory\spi_flash_w25q.h">
      <Filter>Hardware\SPI_Memory</Filter>
    </ClInclude>
    <ClInclude Include="..\..\..\Hardware\SPI_Memory\spi_flash_STM32_atmel.h">
      <Filter>Hardware\SPI_Memory</Filter>
    </ClInclude>
    <ClInclude Include="..\..\..\Hardware\SPI_Memory\spi_flash_STM32_MX66L.h">
      <Filter>Hardware\SPI_Memory</Filter>
    </ClInclude>
    <ClInclude Include="..\..\..\Hardware\SPI_Memory\spi_flash_STM32_sst25.h">
      <Filter>Hardware\SPI_Memory</Filter>
    </ClInclude>
    <ClInclude Include="..\..\..\Hardware\SPI_Memory\spi_flash_STM32_stmicro.h">
      <Filter>Hardware\SPI_Memory</Filter>
    </ClInclude>
    <ClInclude Include="..\..\..\Hardware\SPI_Memory\spi_flash_s25fl1-k.h">
      <Filter>Hardware\SPI_Memory</Filter>
    </ClInclude>
    <ClInclude Include="..\..\..\Hardware\SPI_Memory\spi_flash_interface.h">
      <Filter>Hardware\SPI_Memory</Filter>
    </ClInclude>
    <ClInclude Include="..\..\..\Hardware\SPI_Memory\spi_flash_MX25L.h">
      <Filter>Hardware\SPI_Memory</Filter>
    </ClInclude>
    <ClInclude Include="..\..\..\Hardware\STM32\stm32_DMA.h">
      <Filter>Hardware\STM32</Filter>
    </ClInclude>
    <ClInclude Include="..\..\..\Hardware\SPI_Memory\spi_flash_IS25LP.h">
      <Filter>Hardware\SPI_Memory</Filter>
    </ClInclude>
    <ClInclude Include="..\..\..\Hardware\STR91XF\STR91XF.h">
      <Filter>Hardware\STR91XF</Filter>
    </ClInclude>
    <ClInclude Include="..\..\..\Hardware\SPI_Memory\spi_flash_ATXP.h">
      <Filter>Hardware\SPI_Memory</Filter>
    </ClInclude>
    <ClInclude Include="..\..\..\Hardware\SPI_Memory\spi_flash_S26KL.h">
      <Filter>Hardware\SPI_Memory</Filter>
    </ClInclude>
    <ClInclude Include="..\..\..\Hardware\SPI_Memory\spi_flash_AT25SF.h">
      <Filter>Hardware\SPI_Memory</Filter>
    </ClInclude>
    <ClInclude Include="..\..\..\Hardware\iMX\iMX_Clock.h">
      <Filter>Hardware\iMX_RT</Filter>
    </ClInclude>
    <ClInclude Include="..\..\..\Hardware\iMX\iMX_Caches_MPU.h">
      <Filter>Hardware\iMX_RT</Filter>
    </ClInclude>
    <ClInclude Include="..\..\..\Hardware\Kinetis\kinetis_USB_HS_OTG.h">
      <Filter>Hardware\Kinetis</Filter>
    </ClInclude>
    <ClInclude Include="..\..\..\Hardware\Kinetis\kinetis_USB_FS_OTG.h">
      <Filter>Hardware\Kinetis</Filter>
    </ClInclude>
    <ClInclude Include="resource.h">
      <Filter>Header Files</Filter>
    </ClInclude>
    <ClInclude Include="..\usb_RNDIS.h">
      <Filter>Header Files</Filter>
    </ClInclude>
    <ClInclude Include="..\usb_MSD.h">
      <Filter>Header Files</Filter>
    </ClInclude>
    <ClInclude Include="..\usb_CDC.h">
      <Filter>Header Files</Filter>
    </ClInclude>
    <ClInclude Include="..\usb_HUB.h">
      <Filter>Header Files</Filter>
    </ClInclude>
    <ClInclude Include="..\usb_Keyboard.h">
      <Filter>Header Files</Filter>
    </ClInclude>
    <ClInclude Include="..\usb_Mouse.h">
      <Filter>Header Files</Filter>
    </ClInclude>
    <ClInclude Include="..\usb_RAW.h">
      <Filter>Header Files</Filter>
    </ClInclude>
    <ClInclude Include="..\usb_Audio.h">
      <Filter>Header Files</Filter>
    </ClInclude>
    <ClInclude Include="..\..\..\Hardware\LPC2XXX\LPC23XX.h">
      <Filter>Hardware\LPC2XXX</Filter>
    </ClInclude>
    <ClInclude Include="..\..\..\Hardware\LPC2XXX\LPC21XX_port.h">
      <Filter>WinSim\SIMlpc2xxx</Filter>
    </ClInclude>
    <ClInclude Include="..\..\..\Hardware\LPC2XXX\LPC23XX_port.h">
      <Filter>WinSim\SIMlpc2xxx</Filter>
    </ClInclude>
    <ClInclude Include="..\..\..\Hardware\LPC2XXX\LPC24XX_port.h">
      <Filter>WinSim\SIMlpc2xxx</Filter>
    </ClInclude>
    <ClInclude Include="..\..\..\Hardware\LPC2XXX\LPC214X_port.h">
      <Filter>WinSim\SIMlpc2xxx</Filter>
    </ClInclude>
    <ClInclude Include="..\..\..\Hardware\LPC2XXX\simLPC23XX.h">
      <Filter>WinSim\SIMlpc2xxx</Filter>
    </ClInclude>
    <ClInclude Include="..\..\..\Hardware\iMX\iMX_GPT.h">
      <Filter>Hardware\iMX_RT</Filter>
    </ClInclude>
    <ClInclude Include="..\..\..\stack\EthernetController\ENC424J600.h">
      <Filter>Hardware</Filter>
    </ClInclude>
    <ClInclude Include="..\..\..\stack\WiFi\ATWINC15x0\driver\include\m2m_wifi.h">
      <Filter>TCP/IP\WiFi\ATWINC15</Filter>
    </ClInclude>
    <ClInclude Include="..\..\..\stack\WiFi\ATWINC15x0\common\include\nm_common.h">
      <Filter>TCP/IP\WiFi\ATWINC15</Filter>
    </ClInclude>
    <ClInclude Include="..\..\..\stack\WiFi\ATWINC15x0\bsp\include\nm_bsp.h">
      <Filter>TCP/IP\WiFi\ATWINC15</Filter>
    </ClInclude>
    <ClInclude Include="..\..\..\stack\WiFi\ATWINC15x0\common\include\nm_debug.h">
      <Filter>TCP/IP\WiFi\ATWINC15</Filter>
    </ClInclude>
    <ClInclude Include="..\..\..\stack\WiFi\ATWINC15x0\driver\include\m2m_types.h">
      <Filter>TCP/IP\WiFi\ATWINC15</Filter>
    </ClInclude>
    <ClInclude Include="..\..\..\stack\WiFi\ATWINC15x0\driver\source\nmdrv.h">
      <Filter>TCP/IP\WiFi\ATWINC15</Filter>
    </ClInclude>
    <ClInclude Include="..\..\..\stack\WiFi\ATWINC15x0\driver\source\m2m_hif.h">
      <Filter>TCP/IP\WiFi\ATWINC15</Filter>
    </ClInclude>
    <ClInclude Include="..\..\..\stack\WiFi\ATWINC15x0\driver\source\nmasic.h">
      <Filter>TCP/IP\WiFi\ATWINC15</Filter>
    </ClInclude>
    <ClInclude Include="..\..\..\stack\WiFi\ATWINC15x0\driver\include\m2m_periph.h">
      <Filter>TCP/IP\WiFi\ATWINC15</Filter>
    </ClInclude>
    <ClInclude Include="..\..\..\stack\WiFi\ATWINC15x0\bus_wrapper\include\nm_bus_wrapper.h">
      <Filter>TCP/IP\WiFi\ATWINC15</Filter>
    </ClInclude>
    <ClInclude Include="..\..\..\stack\WiFi\ATWINC15x0\driver\source\nmbus.h">
      <Filter>TCP/IP\WiFi\ATWINC15</Filter>
    </ClInclude>
    <ClInclude Include="..\..\..\stack\WiFi\ATWINC15x0\driver\source\nmspi.h">
      <Filter>TCP/IP\WiFi\ATWINC15</Filter>
    </ClInclude>
    <ClInclude Include="..\..\..\stack\WiFi\ATWINC15x0\ATWINC15.h">
      <Filter>TCP/IP\WiFi\ATWINC15</Filter>
    </ClInclude>
    <ClInclude Include="..\..\..\uTasker\uGLCDLIB\touch.h">
      <Filter>uTasker\uGLCDLIB</Filter>
    </ClInclude>
  </ItemGroup>
  <ItemGroup>
    <None Include="cursor1.cur">
      <Filter>WinSim\Resource Files</Filter>
    </None>
    <None Include="small.ico">
      <Filter>WinSim\Resource Files</Filter>
    </None>
    <None Include="uTasker.ico">
      <Filter>WinSim\Resource Files</Filter>
    </None>
    <None Include="..\GNU_Kinetis\make_uTaskerV1.4_GNU_Kinetis" />
    <None Include="..\..\..\Hardware\Kinetis\kinetis_asm.s">
      <Filter>Hardware\Kinetis</Filter>
    </None>
    <None Include="cursor7.cur">
      <Filter>WinSim\Resource Files</Filter>
    </None>
    <None Include="..\GNU_Kinetis\Build_Kinetis.bat" />
    <None Include="..\..\..\Hardware\Kinetis\Crypto\mmcau_aes_functions.S">
      <Filter>Hardware\Kinetis\Crypto</Filter>
    </None>
    <None Include="..\GNU_Kinetis\Build_Kinetis_SSL.bat" />
    <None Include="..\GNU_Kinetis\make_uTaskerV1.4_SSL_GNU_Kinetis" />
    <None Include="..\..\..\Hardware\Kinetis\Crypto\mmcau_sha256_functions.S">
      <Filter>Hardware\Kinetis\Crypto</Filter>
    </None>
    <None Include="..\..\..\Hardware\STM32\STM32_keil_asm.s">
      <Filter>Hardware\STM32</Filter>
    </None>
    <None Include="..\..\..\Hardware\CMSIS_DSP\arm_bitreversal2.S">
      <Filter>Hardware\CMSIS_DSP</Filter>
    </None>
    <None Include="..\..\..\Hardware\Luminary\LM3SXXXX_asm.s">
      <Filter>Hardware\Luminary</Filter>
    </None>
    <None Include="..\..\..\Hardware\Luminary\LM3SXXXX_startup_keil.s">
      <Filter>Hardware\Luminary</Filter>
    </None>
    <None Include="..\..\..\Hardware\Coldfire\cstart_iar.s68">
      <Filter>Hardware\Coldfire</Filter>
    </None>
    <None Include="..\..\..\Hardware\Coldfire\flash_config.s">
      <Filter>Hardware\Coldfire</Filter>
    </None>
    <None Include="..\..\..\Hardware\Coldfire\flash_config_sec.s">
      <Filter>Hardware\Coldfire</Filter>
    </None>
    <None Include="..\..\..\Hardware\Coldfire\Startup.s">
      <Filter>Hardware\Coldfire</Filter>
    </None>
    <None Include="..\..\..\Hardware\Coldfire\Startup_gnu.s">
      <Filter>Hardware\Coldfire</Filter>
    </None>
    <None Include="..\GNU_STM32\make_uTaskerV1.4_GNU_STM32" />
    <None Include="..\GNU_STM32\Build_STM32.bat" />
    <None Include="..\GNU_ColdFire\make_uTaskerV1.4_GNU_M5223X" />
    <None Include="..\GNU_ColdFire\Build_M5223X.bat" />
    <None Include="..\GNU_Luminary\make_uTaskerV1.4_GNU_Luminary" />
    <None Include="..\GNU_Luminary\Build_Luminary.bat" />
    <None Include="..\..\..\Hardware\AVR32\avr32_assembler.s82">
      <Filter>Hardware\AVR32</Filter>
    </None>
    <None Include="..\..\..\Hardware\AVR32\avr32_startup_gcc.x">
      <Filter>Hardware\AVR32</Filter>
    </None>
    <None Include="..\..\..\Hardware\iMX\iMX_asm.s">
      <Filter>Hardware\iMX_RT</Filter>
    </None>
    <None Include="..\..\..\Hardware\LPC17XX\LPC17XX_asm.s">
      <Filter>Hardware\LPC17XX</Filter>
    </None>
    <None Include="..\..\..\Hardware\LPC17XX\LPC17XX_startup_keil.s">
      <Filter>Hardware\LPC17XX</Filter>
    </None>
    <None Include="..\..\..\Hardware\SAM7\cstartup_iar5.s">
      <Filter>Hardware\SAM7</Filter>
    </None>
    <None Include="..\..\..\Hardware\SAM7\startup_gnu.s">
      <Filter>Hardware\SAM7</Filter>
    </None>
    <None Include="..\..\..\Hardware\SAM7\startup_keil.s">
      <Filter>Hardware\SAM7</Filter>
    </None>
    <None Include="..\..\..\Hardware\NE64\crt0.s">
      <Filter>Hardware\NE64</Filter>
    </None>
    <None Include="..\GNU_iMX\make_uTaskerV1.4_GNU_iMX" />
    <None Include="..\GNU_iMX\Build_iMX_RT.bat" />
    <None Include="..\..\..\Hardware\STR91XF\91x_init.s">
      <Filter>Hardware\STR91XF</Filter>
    </None>
    <None Include="..\..\..\Hardware\STR91XF\91x_vect.s">
      <Filter>Hardware\STR91XF</Filter>
    </None>
    <None Include="..\..\..\Hardware\STR91XF\crt0_str91x.s">
      <Filter>Hardware\STR91XF</Filter>
    </None>
    <None Include="..\..\..\Hardware\STR91XF\crt0_STR91XF_Keil.s">
      <Filter>Hardware\STR91XF</Filter>
    </None>
    <None Include="cursor8.cur" />
    <None Include="cursor9.cur" />
    <None Include="cursor10.cur" />
    <None Include="..\GNU_iMX\Build_iMX_RT_SSL.bat" />
    <None Include="..\GNU_iMX\make_uTaskerV1.4_SSL_GNU_iMX" />
    <None Include="..\..\..\Hardware\LPC2XXX\Cstartup.s">
      <Filter>Hardware\LPC2XXX</Filter>
    </None>
    <None Include="..\..\..\Hardware\LPC2XXX\Cstartup_LPC21XX.s">
      <Filter>Hardware\LPC2XXX</Filter>
    </None>
    <None Include="..\..\..\Hardware\LPC2XXX\CstartupIAR5.s">
      <Filter>Hardware\LPC2XXX</Filter>
    </None>
    <None Include="..\..\..\Hardware\LPC2XXX\CstartupIAR5_LPC21XX.s">
      <Filter>Hardware\LPC2XXX</Filter>
    </None>
    <None Include="..\..\..\Hardware\LPC2XXX\Lpc23xx_keil.s">
      <Filter>Hardware\LPC2XXX</Filter>
    </None>
    <None Include="..\..\..\Hardware\LPC2XXX\startup_gnu.s">
      <Filter>Hardware\LPC2XXX</Filter>
    </None>
    <None Include="..\..\..\Hardware\LPC2XXX\startup_LPC21XX_gnu.s">
      <Filter>Hardware\LPC2XXX</Filter>
    </None>
  </ItemGroup>
  <ItemGroup>
    <ResourceCompile Include="uTasker.rc">
      <Filter>WinSim\Resource Files</Filter>
    </ResourceCompile>
  </ItemGroup>
</Project>